// !$*UTF8*$!
{
	archiveVersion = 1;
	classes = {
	};
	objectVersion = 46;
	objects = {

/* Begin PBXBuildFile section */
		55160CDB1E4B04840043A3CC /* ShareViewController.swift in Sources */ = {isa = PBXBuildFile; fileRef = 55160CDA1E4B04840043A3CC /* ShareViewController.swift */; };
		55160CE21E4B04840043A3CC /* Pnut.appex in Embed App Extensions */ = {isa = PBXBuildFile; fileRef = 55160CD81E4B04830043A3CC /* Pnut.appex */; settings = {ATTRIBUTES = (RemoveHeadersOnCopy, ); }; };
		554DC7051E66F30B009AE752 /* PostsResponse.json in Resources */ = {isa = PBXBuildFile; fileRef = 554DC7041E66F30B009AE752 /* PostsResponse.json */; };
		55BB81391E423F6D008C58CD /* LoginCoordinator.swift in Sources */ = {isa = PBXBuildFile; fileRef = 55BB81381E423F6D008C58CD /* LoginCoordinator.swift */; };
		F215AB9C1EAFE14D004847EF /* TableViewDataSourceTests.swift in Sources */ = {isa = PBXBuildFile; fileRef = F215AB9B1EAFE14D004847EF /* TableViewDataSourceTests.swift */; };
		F23BE4121E508E300068E82F /* Roaster.framework in Frameworks */ = {isa = PBXBuildFile; fileRef = F23BE4091E508E300068E82F /* Roaster.framework */; };
		F23BE41B1E508E300068E82F /* Roaster.h in Headers */ = {isa = PBXBuildFile; fileRef = F23BE40B1E508E300068E82F /* Roaster.h */; settings = {ATTRIBUTES = (Public, ); }; };
		F23BE41E1E508E300068E82F /* Roaster.framework in Frameworks */ = {isa = PBXBuildFile; fileRef = F23BE4091E508E300068E82F /* Roaster.framework */; };
		F23BE41F1E508E300068E82F /* Roaster.framework in Embed Frameworks */ = {isa = PBXBuildFile; fileRef = F23BE4091E508E300068E82F /* Roaster.framework */; settings = {ATTRIBUTES = (CodeSignOnCopy, RemoveHeadersOnCopy, ); }; };
		F23BE42B1E508EA90068E82F /* APIClient.swift in Sources */ = {isa = PBXBuildFile; fileRef = F23BE4281E508EA90068E82F /* APIClient.swift */; };
		F23BE42D1E508EA90068E82F /* URLCreator.swift in Sources */ = {isa = PBXBuildFile; fileRef = F23BE42A1E508EA90068E82F /* URLCreator.swift */; };
		F2425A4D1E3FD31E001B7E46 /* LoginViewController.swift in Sources */ = {isa = PBXBuildFile; fileRef = F2425A4C1E3FD31E001B7E46 /* LoginViewController.swift */; };
		F2425A501E43D8EB001B7E46 /* UIWindowExtensions.swift in Sources */ = {isa = PBXBuildFile; fileRef = F2425A4F1E43D8EB001B7E46 /* UIWindowExtensions.swift */; };
		F2425A521E44E4FF001B7E46 /* MainCoordinator.swift in Sources */ = {isa = PBXBuildFile; fileRef = F2425A511E44E4FF001B7E46 /* MainCoordinator.swift */; };
		F246C2001E8EE8A20027E159 /* Roaster.xcdatamodeld in Sources */ = {isa = PBXBuildFile; fileRef = F246C1FD1E8EE8A20027E159 /* Roaster.xcdatamodeld */; };
		F246C20A1E8EEA380027E159 /* Secrets.swift in Sources */ = {isa = PBXBuildFile; fileRef = F246C2091E8EEA380027E159 /* Secrets.swift */; };
		F246C2141E8FFF3C0027E159 /* User.swift in Sources */ = {isa = PBXBuildFile; fileRef = F246C2121E8FFF3C0027E159 /* User.swift */; };
		F246C2161E9002560027E159 /* UserTests.swift in Sources */ = {isa = PBXBuildFile; fileRef = F246C2151E9002560027E159 /* UserTests.swift */; };
		F246C21A1E902A700027E159 /* Content.swift in Sources */ = {isa = PBXBuildFile; fileRef = F246C2181E902A700027E159 /* Content.swift */; };
		F246C2451E9034110027E159 /* ContentTests.swift in Sources */ = {isa = PBXBuildFile; fileRef = F246C2441E9034110027E159 /* ContentTests.swift */; };
		F246C2491E9036C30027E159 /* Link.swift in Sources */ = {isa = PBXBuildFile; fileRef = F246C2471E9036C30027E159 /* Link.swift */; };
		F246C24B1E90C28E0027E159 /* LinkTests.swift in Sources */ = {isa = PBXBuildFile; fileRef = F246C24A1E90C28E0027E159 /* LinkTests.swift */; };
		F246C24F1E9117E70027E159 /* Mention.swift in Sources */ = {isa = PBXBuildFile; fileRef = F246C24D1E9117E70027E159 /* Mention.swift */; };
		F246C2511E9120BD0027E159 /* MentionTests.swift in Sources */ = {isa = PBXBuildFile; fileRef = F246C2501E9120BD0027E159 /* MentionTests.swift */; };
		F246C2551E92DD0F0027E159 /* Tag.swift in Sources */ = {isa = PBXBuildFile; fileRef = F246C2531E92DD0F0027E159 /* Tag.swift */; };
		F246C2571E92DEA60027E159 /* TagTests.swift in Sources */ = {isa = PBXBuildFile; fileRef = F246C2561E92DEA60027E159 /* TagTests.swift */; };
		F246C2821E94E3CB0027E159 /* PostTests.swift in Sources */ = {isa = PBXBuildFile; fileRef = F246C2811E94E3CB0027E159 /* PostTests.swift */; };
		F246C2861E94E4700027E159 /* Post.swift in Sources */ = {isa = PBXBuildFile; fileRef = F246C2841E94E4700027E159 /* Post.swift */; };
		F246C28A1E9633F80027E159 /* Image.swift in Sources */ = {isa = PBXBuildFile; fileRef = F246C2881E9633F80027E159 /* Image.swift */; };
		F246C28C1E9635D30027E159 /* ImageTests.swift in Sources */ = {isa = PBXBuildFile; fileRef = F246C28B1E9635D30027E159 /* ImageTests.swift */; };
		F246C28E1E96A24A0027E159 /* PostsViewController.swift in Sources */ = {isa = PBXBuildFile; fileRef = F246C28D1E96A24A0027E159 /* PostsViewController.swift */; };
		F246C2911E982B390027E159 /* URLRequestStub.swift in Sources */ = {isa = PBXBuildFile; fileRef = F2CE76D11E5093BA00140C78 /* URLRequestStub.swift */; };
		F25549DE1E61B0F400CE5D14 /* Roaster.framework in Frameworks */ = {isa = PBXBuildFile; fileRef = F23BE4091E508E300068E82F /* Roaster.framework */; };
		F25549E01E61F22600CE5D14 /* Extract.js in Resources */ = {isa = PBXBuildFile; fileRef = F25549DF1E61F22600CE5D14 /* Extract.js */; };
		F25549E21E63027100CE5D14 /* DDHTestCase.swift in Sources */ = {isa = PBXBuildFile; fileRef = F25549E11E63027100CE5D14 /* DDHTestCase.swift */; };
		F25549E81E6AF63700CE5D14 /* SettingsViewController.swift in Sources */ = {isa = PBXBuildFile; fileRef = F25549E71E6AF63700CE5D14 /* SettingsViewController.swift */; };
		F25549EA1E6AF96C00CE5D14 /* SettingsCoordinator.swift in Sources */ = {isa = PBXBuildFile; fileRef = F25549E91E6AF96C00CE5D14 /* SettingsCoordinator.swift */; };
		F266AAB61E857A050004D341 /* AccountsViewControllerTests.swift in Sources */ = {isa = PBXBuildFile; fileRef = F266AAAE1E8579F90004D341 /* AccountsViewControllerTests.swift */; };
		F266AAB71E857A050004D341 /* SettingsCoordinatorTests.swift in Sources */ = {isa = PBXBuildFile; fileRef = F266AAAF1E8579F90004D341 /* SettingsCoordinatorTests.swift */; };
		F266AAB81E857A050004D341 /* SettingsViewControllerTests.swift in Sources */ = {isa = PBXBuildFile; fileRef = F266AAB01E8579F90004D341 /* SettingsViewControllerTests.swift */; };
		F266AAB91E857A050004D341 /* TextSettingsCellTests.swift in Sources */ = {isa = PBXBuildFile; fileRef = F266AAB11E8579F90004D341 /* TextSettingsCellTests.swift */; };
		F266AABE1E857B210004D341 /* DDHLabelTests.swift in Sources */ = {isa = PBXBuildFile; fileRef = F266AABA1E857B000004D341 /* DDHLabelTests.swift */; };
		F266AABF1E857B210004D341 /* DDHTextViewTests.swift in Sources */ = {isa = PBXBuildFile; fileRef = F266AABB1E857B000004D341 /* DDHTextViewTests.swift */; };
		F266AAC91E857D120004D341 /* PostingViewControllerTests.swift in Sources */ = {isa = PBXBuildFile; fileRef = F266AAC31E857D080004D341 /* PostingViewControllerTests.swift */; };
		F266AACA1E857D120004D341 /* PostingViewTests.swift in Sources */ = {isa = PBXBuildFile; fileRef = F266AAC41E857D080004D341 /* PostingViewTests.swift */; };
		F266AAD11E857D6D0004D341 /* LoginCoordinatorTests.swift in Sources */ = {isa = PBXBuildFile; fileRef = F266AACB1E857D660004D341 /* LoginCoordinatorTests.swift */; };
		F266AAD21E857D6D0004D341 /* LoginViewControllerTests.swift in Sources */ = {isa = PBXBuildFile; fileRef = F266AACC1E857D660004D341 /* LoginViewControllerTests.swift */; };
		F266AAD31E857D6D0004D341 /* LoginViewTests.swift in Sources */ = {isa = PBXBuildFile; fileRef = F266AACD1E857D660004D341 /* LoginViewTests.swift */; };
		F266AAD71E857DF00004D341 /* PostsViewControllerTests.swift in Sources */ = {isa = PBXBuildFile; fileRef = F266AAD51E857DE40004D341 /* PostsViewControllerTests.swift */; };
		F266AADA1E857E1D0004D341 /* TestInfo.plist in Resources */ = {isa = PBXBuildFile; fileRef = F266AAD81E857E150004D341 /* TestInfo.plist */; };
		F266AADF1E857E5C0004D341 /* AppDelegateTests.swift in Sources */ = {isa = PBXBuildFile; fileRef = F266AADB1E857E550004D341 /* AppDelegateTests.swift */; };
		F266AAE01E857E5C0004D341 /* MainCoordinatorTests.swift in Sources */ = {isa = PBXBuildFile; fileRef = F266AADC1E857E550004D341 /* MainCoordinatorTests.swift */; };
		F266AAE31E857EC80004D341 /* KeychainManagerTests.swift in Sources */ = {isa = PBXBuildFile; fileRef = F266AAE11E857EC10004D341 /* KeychainManagerTests.swift */; };
		F266AAE61E857F4D0004D341 /* LoginUserTests.swift in Sources */ = {isa = PBXBuildFile; fileRef = F266AAE41E857F450004D341 /* LoginUserTests.swift */; };
		F266AAEB1E857FA80004D341 /* APIClientTests.swift in Sources */ = {isa = PBXBuildFile; fileRef = F266AAE71E857FA20004D341 /* APIClientTests.swift */; };
		F266AAEC1E857FA80004D341 /* URLCreatorTests.swift in Sources */ = {isa = PBXBuildFile; fileRef = F266AAE81E857FA20004D341 /* URLCreatorTests.swift */; };
		F27A05361EA8B58000D2178C /* PostCellTests.swift in Sources */ = {isa = PBXBuildFile; fileRef = F27A05351EA8B58000D2178C /* PostCellTests.swift */; };
		F27A055B1EAB2AC200D2178C /* DDHImageView.swift in Sources */ = {isa = PBXBuildFile; fileRef = F27A055A1EAB2AC100D2178C /* DDHImageView.swift */; };
		F28D2E431E3C80C000DB692B /* LoginView.swift in Sources */ = {isa = PBXBuildFile; fileRef = F28D2E421E3C80C000DB692B /* LoginView.swift */; };
		F296236F1E75A9400089ADC7 /* AccountsViewController.swift in Sources */ = {isa = PBXBuildFile; fileRef = F296236E1E75A9400089ADC7 /* AccountsViewController.swift */; };
		F296237E1E79E42F0089ADC7 /* DDHFoundation.framework in Frameworks */ = {isa = PBXBuildFile; fileRef = F29623751E79E42F0089ADC7 /* DDHFoundation.framework */; };
		F29623871E79E42F0089ADC7 /* DDHFoundation.h in Headers */ = {isa = PBXBuildFile; fileRef = F29623771E79E42F0089ADC7 /* DDHFoundation.h */; settings = {ATTRIBUTES = (Public, ); }; };
		F296238A1E79E4300089ADC7 /* DDHFoundation.framework in Frameworks */ = {isa = PBXBuildFile; fileRef = F29623751E79E42F0089ADC7 /* DDHFoundation.framework */; };
		F296238B1E79E4300089ADC7 /* DDHFoundation.framework in Embed Frameworks */ = {isa = PBXBuildFile; fileRef = F29623751E79E42F0089ADC7 /* DDHFoundation.framework */; settings = {ATTRIBUTES = (CodeSignOnCopy, RemoveHeadersOnCopy, ); }; };
		F296239B1E79E4C90089ADC7 /* DDHButton.swift in Sources */ = {isa = PBXBuildFile; fileRef = F29623951E79E4C90089ADC7 /* DDHButton.swift */; };
		F296239C1E79E4C90089ADC7 /* DDHLabel.swift in Sources */ = {isa = PBXBuildFile; fileRef = F29623961E79E4C90089ADC7 /* DDHLabel.swift */; };
		F296239D1E79E4C90089ADC7 /* DDHTextField.swift in Sources */ = {isa = PBXBuildFile; fileRef = F29623971E79E4C90089ADC7 /* DDHTextField.swift */; };
		F296239E1E79E4C90089ADC7 /* DDHTextView.swift in Sources */ = {isa = PBXBuildFile; fileRef = F29623981E79E4C90089ADC7 /* DDHTextView.swift */; };
		F296239F1E79E4C90089ADC7 /* DDHView.swift in Sources */ = {isa = PBXBuildFile; fileRef = F29623991E79E4C90089ADC7 /* DDHView.swift */; };
		F29623A11E79E5D30089ADC7 /* ShareView.swift in Sources */ = {isa = PBXBuildFile; fileRef = F29623A01E79E5D30089ADC7 /* ShareView.swift */; };
		F29623A21E7C451E0089ADC7 /* DDHFoundation.framework in Frameworks */ = {isa = PBXBuildFile; fileRef = F29623751E79E42F0089ADC7 /* DDHFoundation.framework */; };
		F29623A41E7D1CA60089ADC7 /* AppColors.swift in Sources */ = {isa = PBXBuildFile; fileRef = F29623A31E7D1CA60089ADC7 /* AppColors.swift */; };
		F29623AA1E7E6D690089ADC7 /* Constants.swift in Sources */ = {isa = PBXBuildFile; fileRef = F29623A91E7E6D690089ADC7 /* Constants.swift */; };
		F29623AC1E7EE2B20089ADC7 /* AccountCell.swift in Sources */ = {isa = PBXBuildFile; fileRef = F29623AB1E7EE2B20089ADC7 /* AccountCell.swift */; };
		F2CE76B91E5090B000140C78 /* KeychainManager.swift in Sources */ = {isa = PBXBuildFile; fileRef = F2CE76B81E5090B000140C78 /* KeychainManager.swift */; };
		F2CE76C71E50911F00140C78 /* DictionaryCreatable.swift in Sources */ = {isa = PBXBuildFile; fileRef = F2CE76C01E50911F00140C78 /* DictionaryCreatable.swift */; };
		F2CE76C81E50911F00140C78 /* LoginUser.swift in Sources */ = {isa = PBXBuildFile; fileRef = F2CE76C11E50911F00140C78 /* LoginUser.swift */; };
		F2CE76D21E5093BA00140C78 /* MockKeychainManager.swift in Sources */ = {isa = PBXBuildFile; fileRef = F2CE76D01E5093BA00140C78 /* MockKeychainManager.swift */; };
		F2CE76D31E5093BA00140C78 /* URLRequestStub.swift in Sources */ = {isa = PBXBuildFile; fileRef = F2CE76D11E5093BA00140C78 /* URLRequestStub.swift */; };
		F2CE76D71E53388700140C78 /* MockUserDefaults.swift in Sources */ = {isa = PBXBuildFile; fileRef = F2CE76D61E53388700140C78 /* MockUserDefaults.swift */; };
		F2CE76DB1E548E3A00140C78 /* PostingViewController.swift in Sources */ = {isa = PBXBuildFile; fileRef = F2CE76DA1E548E3A00140C78 /* PostingViewController.swift */; };
		F2CE76DF1E54923A00140C78 /* PostingView.swift in Sources */ = {isa = PBXBuildFile; fileRef = F2CE76DE1E54923A00140C78 /* PostingView.swift */; };
		F2CE76E41E54F3A900140C78 /* Result.swift in Sources */ = {isa = PBXBuildFile; fileRef = F2CE76E31E54F3A900140C78 /* Result.swift */; };
		F2CFA9E91EAFE38400E0F77E /* TableViewDataSource.swift in Sources */ = {isa = PBXBuildFile; fileRef = F2CFA9E81EAFE38400E0F77E /* TableViewDataSource.swift */; };
		F2D3D6361E70B5D700AAAC1C /* SettingsItem.swift in Sources */ = {isa = PBXBuildFile; fileRef = F2D3D6351E70B5D700AAAC1C /* SettingsItem.swift */; };
		F2D3D6381E72025000AAAC1C /* TextSettingsCell.swift in Sources */ = {isa = PBXBuildFile; fileRef = F2D3D6371E72025000AAAC1C /* TextSettingsCell.swift */; };
		F2DA1FC01E9BCB45004E43E7 /* PostsCoordinator.swift in Sources */ = {isa = PBXBuildFile; fileRef = F2DA1FBE1E9BCB45004E43E7 /* PostsCoordinator.swift */; };
		F2DA1FC21E9BCB7A004E43E7 /* PostsCoordinatorTests.swift in Sources */ = {isa = PBXBuildFile; fileRef = F2DA1FBF1E9BCB45004E43E7 /* PostsCoordinatorTests.swift */; };
		F2E3D7001E9CD82B00635A5C /* CoordinatingProtocols.swift in Sources */ = {isa = PBXBuildFile; fileRef = F2E3D6FF1E9CD82B00635A5C /* CoordinatingProtocols.swift */; };
		F2E3D7021E9D03EE00635A5C /* Configurable.swift in Sources */ = {isa = PBXBuildFile; fileRef = F2E3D7011E9D03EE00635A5C /* Configurable.swift */; };
		F2E3D7041E9D06B700635A5C /* PostCell.swift in Sources */ = {isa = PBXBuildFile; fileRef = F2E3D7031E9D06B700635A5C /* PostCell.swift */; };
		F2E3D7061E9D24B900635A5C /* main.swift in Sources */ = {isa = PBXBuildFile; fileRef = F2E3D7051E9D24B900635A5C /* main.swift */; };
		F2E3D70A1E9D2F7600635A5C /* AccountsCoordinator.swift in Sources */ = {isa = PBXBuildFile; fileRef = F2E3D7091E9D2F7600635A5C /* AccountsCoordinator.swift */; };
		F2E3D70C1E9D3D7900635A5C /* AccountsCoordinatorTests.swift in Sources */ = {isa = PBXBuildFile; fileRef = F2E3D70B1E9D3D7900635A5C /* AccountsCoordinatorTests.swift */; };
		F2E3D7131E9D426200635A5C /* NavigationControllerMock.swift in Sources */ = {isa = PBXBuildFile; fileRef = F2E3D7111E9D425400635A5C /* NavigationControllerMock.swift */; };
		F2E492661E37FF45000C7187 /* AppDelegate.swift in Sources */ = {isa = PBXBuildFile; fileRef = F2E492651E37FF45000C7187 /* AppDelegate.swift */; };
		F2E4926D1E37FF45000C7187 /* Assets.xcassets in Resources */ = {isa = PBXBuildFile; fileRef = F2E4926C1E37FF45000C7187 /* Assets.xcassets */; };
		F2E492701E37FF45000C7187 /* LaunchScreen.storyboard in Resources */ = {isa = PBXBuildFile; fileRef = F2E4926E1E37FF45000C7187 /* LaunchScreen.storyboard */; };
		F2F33C871E5CE20A007E53E1 /* Meta.swift in Sources */ = {isa = PBXBuildFile; fileRef = F2F33C861E5CE20A007E53E1 /* Meta.swift */; };
		F2FF18BD1E9D7B4900FAF806 /* TestingAppDelegate.swift in Sources */ = {isa = PBXBuildFile; fileRef = F2E3D7071E9D251100635A5C /* TestingAppDelegate.swift */; };
		F2FF18C11E9D7DC200FAF806 /* TestingAppDelegate.swift in Sources */ = {isa = PBXBuildFile; fileRef = F2E3D7071E9D251100635A5C /* TestingAppDelegate.swift */; };
		F2FF18C21E9D7DC300FAF806 /* TestingAppDelegate.swift in Sources */ = {isa = PBXBuildFile; fileRef = F2E3D7071E9D251100635A5C /* TestingAppDelegate.swift */; };
/* End PBXBuildFile section */

/* Begin PBXContainerItemProxy section */
		55160CE01E4B04840043A3CC /* PBXContainerItemProxy */ = {
			isa = PBXContainerItemProxy;
			containerPortal = F2E4925A1E37FF45000C7187 /* Project object */;
			proxyType = 1;
			remoteGlobalIDString = 55160CD71E4B04830043A3CC;
			remoteInfo = Pnut;
		};
		F23BE4131E508E300068E82F /* PBXContainerItemProxy */ = {
			isa = PBXContainerItemProxy;
			containerPortal = F2E4925A1E37FF45000C7187 /* Project object */;
			proxyType = 1;
			remoteGlobalIDString = F23BE4081E508E300068E82F;
			remoteInfo = Roaster;
		};
		F23BE4151E508E300068E82F /* PBXContainerItemProxy */ = {
			isa = PBXContainerItemProxy;
			containerPortal = F2E4925A1E37FF45000C7187 /* Project object */;
			proxyType = 1;
			remoteGlobalIDString = F2E492611E37FF45000C7187;
			remoteInfo = phazel;
		};
		F23BE41C1E508E300068E82F /* PBXContainerItemProxy */ = {
			isa = PBXContainerItemProxy;
			containerPortal = F2E4925A1E37FF45000C7187 /* Project object */;
			proxyType = 1;
			remoteGlobalIDString = F23BE4081E508E300068E82F;
			remoteInfo = Roaster;
		};
		F296237F1E79E42F0089ADC7 /* PBXContainerItemProxy */ = {
			isa = PBXContainerItemProxy;
			containerPortal = F2E4925A1E37FF45000C7187 /* Project object */;
			proxyType = 1;
			remoteGlobalIDString = F29623741E79E42F0089ADC7;
			remoteInfo = DDHFoundation;
		};
		F29623811E79E42F0089ADC7 /* PBXContainerItemProxy */ = {
			isa = PBXContainerItemProxy;
			containerPortal = F2E4925A1E37FF45000C7187 /* Project object */;
			proxyType = 1;
			remoteGlobalIDString = F2E492611E37FF45000C7187;
			remoteInfo = phazel;
		};
		F29623881E79E4300089ADC7 /* PBXContainerItemProxy */ = {
			isa = PBXContainerItemProxy;
			containerPortal = F2E4925A1E37FF45000C7187 /* Project object */;
			proxyType = 1;
			remoteGlobalIDString = F29623741E79E42F0089ADC7;
			remoteInfo = DDHFoundation;
		};
		F2E492771E37FF46000C7187 /* PBXContainerItemProxy */ = {
			isa = PBXContainerItemProxy;
			containerPortal = F2E4925A1E37FF45000C7187 /* Project object */;
			proxyType = 1;
			remoteGlobalIDString = F2E492611E37FF45000C7187;
			remoteInfo = phazel;
		};
/* End PBXContainerItemProxy section */

/* Begin PBXCopyFilesBuildPhase section */
		55160CE61E4B04840043A3CC /* Embed App Extensions */ = {
			isa = PBXCopyFilesBuildPhase;
			buildActionMask = 2147483647;
			dstPath = "";
			dstSubfolderSpec = 13;
			files = (
				55160CE21E4B04840043A3CC /* Pnut.appex in Embed App Extensions */,
			);
			name = "Embed App Extensions";
			runOnlyForDeploymentPostprocessing = 0;
		};
		F23BE4251E508E300068E82F /* Embed Frameworks */ = {
			isa = PBXCopyFilesBuildPhase;
			buildActionMask = 2147483647;
			dstPath = "";
			dstSubfolderSpec = 10;
			files = (
				F296238B1E79E4300089ADC7 /* DDHFoundation.framework in Embed Frameworks */,
				F23BE41F1E508E300068E82F /* Roaster.framework in Embed Frameworks */,
			);
			name = "Embed Frameworks";
			runOnlyForDeploymentPostprocessing = 0;
		};
/* End PBXCopyFilesBuildPhase section */

/* Begin PBXFileReference section */
		55160CD81E4B04830043A3CC /* Pnut.appex */ = {isa = PBXFileReference; explicitFileType = "wrapper.app-extension"; includeInIndex = 0; path = Pnut.appex; sourceTree = BUILT_PRODUCTS_DIR; };
		55160CDA1E4B04840043A3CC /* ShareViewController.swift */ = {isa = PBXFileReference; lastKnownFileType = sourcecode.swift; path = ShareViewController.swift; sourceTree = "<group>"; };
		55160CDF1E4B04840043A3CC /* Info.plist */ = {isa = PBXFileReference; lastKnownFileType = text.plist.xml; path = Info.plist; sourceTree = "<group>"; };
		554DC7041E66F30B009AE752 /* PostsResponse.json */ = {isa = PBXFileReference; fileEncoding = 4; lastKnownFileType = text.json; path = PostsResponse.json; sourceTree = "<group>"; };
		55BB81381E423F6D008C58CD /* LoginCoordinator.swift */ = {isa = PBXFileReference; fileEncoding = 4; lastKnownFileType = sourcecode.swift; path = LoginCoordinator.swift; sourceTree = "<group>"; };
		F215AB9B1EAFE14D004847EF /* TableViewDataSourceTests.swift */ = {isa = PBXFileReference; fileEncoding = 4; lastKnownFileType = sourcecode.swift; path = TableViewDataSourceTests.swift; sourceTree = "<group>"; };
		F23BE4091E508E300068E82F /* Roaster.framework */ = {isa = PBXFileReference; explicitFileType = wrapper.framework; includeInIndex = 0; path = Roaster.framework; sourceTree = BUILT_PRODUCTS_DIR; };
		F23BE40B1E508E300068E82F /* Roaster.h */ = {isa = PBXFileReference; lastKnownFileType = sourcecode.c.h; path = Roaster.h; sourceTree = "<group>"; };
		F23BE40C1E508E300068E82F /* Info.plist */ = {isa = PBXFileReference; lastKnownFileType = text.plist.xml; path = Info.plist; sourceTree = "<group>"; };
		F23BE4111E508E300068E82F /* RoasterTests.xctest */ = {isa = PBXFileReference; explicitFileType = wrapper.cfbundle; includeInIndex = 0; path = RoasterTests.xctest; sourceTree = BUILT_PRODUCTS_DIR; };
		F23BE41A1E508E300068E82F /* Info.plist */ = {isa = PBXFileReference; lastKnownFileType = text.plist.xml; path = Info.plist; sourceTree = "<group>"; };
		F23BE4281E508EA90068E82F /* APIClient.swift */ = {isa = PBXFileReference; fileEncoding = 4; lastKnownFileType = sourcecode.swift; path = APIClient.swift; sourceTree = "<group>"; };
		F23BE42A1E508EA90068E82F /* URLCreator.swift */ = {isa = PBXFileReference; fileEncoding = 4; lastKnownFileType = sourcecode.swift; path = URLCreator.swift; sourceTree = "<group>"; };
		F2425A4C1E3FD31E001B7E46 /* LoginViewController.swift */ = {isa = PBXFileReference; fileEncoding = 4; lastKnownFileType = sourcecode.swift; path = LoginViewController.swift; sourceTree = "<group>"; };
		F2425A4F1E43D8EB001B7E46 /* UIWindowExtensions.swift */ = {isa = PBXFileReference; fileEncoding = 4; lastKnownFileType = sourcecode.swift; path = UIWindowExtensions.swift; sourceTree = "<group>"; };
		F2425A511E44E4FF001B7E46 /* MainCoordinator.swift */ = {isa = PBXFileReference; fileEncoding = 4; lastKnownFileType = sourcecode.swift; path = MainCoordinator.swift; sourceTree = "<group>"; };
		F246C1FE1E8EE8A20027E159 /* Roaster.xcdatamodel */ = {isa = PBXFileReference; lastKnownFileType = wrapper.xcdatamodel; path = Roaster.xcdatamodel; sourceTree = "<group>"; };
		F246C2021E8EE93A0027E159 /* phazel.entitlements */ = {isa = PBXFileReference; fileEncoding = 4; lastKnownFileType = text.plist.entitlements; path = phazel.entitlements; sourceTree = "<group>"; };
		F246C2091E8EEA380027E159 /* Secrets.swift */ = {isa = PBXFileReference; fileEncoding = 4; lastKnownFileType = sourcecode.swift; path = Secrets.swift; sourceTree = "<group>"; };
		F246C2121E8FFF3C0027E159 /* User.swift */ = {isa = PBXFileReference; fileEncoding = 4; lastKnownFileType = sourcecode.swift; path = User.swift; sourceTree = "<group>"; };
		F246C2151E9002560027E159 /* UserTests.swift */ = {isa = PBXFileReference; fileEncoding = 4; lastKnownFileType = sourcecode.swift; path = UserTests.swift; sourceTree = "<group>"; };
		F246C2181E902A700027E159 /* Content.swift */ = {isa = PBXFileReference; fileEncoding = 4; lastKnownFileType = sourcecode.swift; path = Content.swift; sourceTree = "<group>"; };
		F246C2441E9034110027E159 /* ContentTests.swift */ = {isa = PBXFileReference; fileEncoding = 4; lastKnownFileType = sourcecode.swift; path = ContentTests.swift; sourceTree = "<group>"; };
		F246C2471E9036C30027E159 /* Link.swift */ = {isa = PBXFileReference; fileEncoding = 4; lastKnownFileType = sourcecode.swift; path = Link.swift; sourceTree = "<group>"; };
		F246C24A1E90C28E0027E159 /* LinkTests.swift */ = {isa = PBXFileReference; fileEncoding = 4; lastKnownFileType = sourcecode.swift; path = LinkTests.swift; sourceTree = "<group>"; };
		F246C24D1E9117E70027E159 /* Mention.swift */ = {isa = PBXFileReference; fileEncoding = 4; lastKnownFileType = sourcecode.swift; path = Mention.swift; sourceTree = "<group>"; };
		F246C2501E9120BD0027E159 /* MentionTests.swift */ = {isa = PBXFileReference; fileEncoding = 4; lastKnownFileType = sourcecode.swift; path = MentionTests.swift; sourceTree = "<group>"; };
		F246C2531E92DD0F0027E159 /* Tag.swift */ = {isa = PBXFileReference; fileEncoding = 4; lastKnownFileType = sourcecode.swift; path = Tag.swift; sourceTree = "<group>"; };
		F246C2561E92DEA60027E159 /* TagTests.swift */ = {isa = PBXFileReference; fileEncoding = 4; lastKnownFileType = sourcecode.swift; path = TagTests.swift; sourceTree = "<group>"; };
		F246C2811E94E3CB0027E159 /* PostTests.swift */ = {isa = PBXFileReference; fileEncoding = 4; lastKnownFileType = sourcecode.swift; path = PostTests.swift; sourceTree = "<group>"; };
		F246C2841E94E4700027E159 /* Post.swift */ = {isa = PBXFileReference; fileEncoding = 4; lastKnownFileType = sourcecode.swift; path = Post.swift; sourceTree = "<group>"; };
		F246C2881E9633F80027E159 /* Image.swift */ = {isa = PBXFileReference; fileEncoding = 4; lastKnownFileType = sourcecode.swift; path = Image.swift; sourceTree = "<group>"; };
		F246C28B1E9635D30027E159 /* ImageTests.swift */ = {isa = PBXFileReference; fileEncoding = 4; lastKnownFileType = sourcecode.swift; path = ImageTests.swift; sourceTree = "<group>"; };
		F246C28D1E96A24A0027E159 /* PostsViewController.swift */ = {isa = PBXFileReference; fileEncoding = 4; lastKnownFileType = sourcecode.swift; path = PostsViewController.swift; sourceTree = "<group>"; };
		F25549DF1E61F22600CE5D14 /* Extract.js */ = {isa = PBXFileReference; fileEncoding = 4; lastKnownFileType = sourcecode.javascript; path = Extract.js; sourceTree = "<group>"; };
		F25549E11E63027100CE5D14 /* DDHTestCase.swift */ = {isa = PBXFileReference; fileEncoding = 4; lastKnownFileType = sourcecode.swift; path = DDHTestCase.swift; sourceTree = "<group>"; };
		F25549E71E6AF63700CE5D14 /* SettingsViewController.swift */ = {isa = PBXFileReference; fileEncoding = 4; lastKnownFileType = sourcecode.swift; path = SettingsViewController.swift; sourceTree = "<group>"; };
		F25549E91E6AF96C00CE5D14 /* SettingsCoordinator.swift */ = {isa = PBXFileReference; fileEncoding = 4; lastKnownFileType = sourcecode.swift; path = SettingsCoordinator.swift; sourceTree = "<group>"; };
		F266AAAE1E8579F90004D341 /* AccountsViewControllerTests.swift */ = {isa = PBXFileReference; fileEncoding = 4; lastKnownFileType = sourcecode.swift; path = AccountsViewControllerTests.swift; sourceTree = "<group>"; };
		F266AAAF1E8579F90004D341 /* SettingsCoordinatorTests.swift */ = {isa = PBXFileReference; fileEncoding = 4; lastKnownFileType = sourcecode.swift; path = SettingsCoordinatorTests.swift; sourceTree = "<group>"; };
		F266AAB01E8579F90004D341 /* SettingsViewControllerTests.swift */ = {isa = PBXFileReference; fileEncoding = 4; lastKnownFileType = sourcecode.swift; path = SettingsViewControllerTests.swift; sourceTree = "<group>"; };
		F266AAB11E8579F90004D341 /* TextSettingsCellTests.swift */ = {isa = PBXFileReference; fileEncoding = 4; lastKnownFileType = sourcecode.swift; path = TextSettingsCellTests.swift; sourceTree = "<group>"; };
		F266AABA1E857B000004D341 /* DDHLabelTests.swift */ = {isa = PBXFileReference; fileEncoding = 4; lastKnownFileType = sourcecode.swift; path = DDHLabelTests.swift; sourceTree = "<group>"; };
		F266AABB1E857B000004D341 /* DDHTextViewTests.swift */ = {isa = PBXFileReference; fileEncoding = 4; lastKnownFileType = sourcecode.swift; path = DDHTextViewTests.swift; sourceTree = "<group>"; };
		F266AAC01E857BED0004D341 /* TestInfo.plist */ = {isa = PBXFileReference; fileEncoding = 4; lastKnownFileType = text.plist.xml; path = TestInfo.plist; sourceTree = "<group>"; };
		F266AAC31E857D080004D341 /* PostingViewControllerTests.swift */ = {isa = PBXFileReference; fileEncoding = 4; lastKnownFileType = sourcecode.swift; path = PostingViewControllerTests.swift; sourceTree = "<group>"; };
		F266AAC41E857D080004D341 /* PostingViewTests.swift */ = {isa = PBXFileReference; fileEncoding = 4; lastKnownFileType = sourcecode.swift; path = PostingViewTests.swift; sourceTree = "<group>"; };
		F266AACB1E857D660004D341 /* LoginCoordinatorTests.swift */ = {isa = PBXFileReference; fileEncoding = 4; lastKnownFileType = sourcecode.swift; path = LoginCoordinatorTests.swift; sourceTree = "<group>"; };
		F266AACC1E857D660004D341 /* LoginViewControllerTests.swift */ = {isa = PBXFileReference; fileEncoding = 4; lastKnownFileType = sourcecode.swift; path = LoginViewControllerTests.swift; sourceTree = "<group>"; };
		F266AACD1E857D660004D341 /* LoginViewTests.swift */ = {isa = PBXFileReference; fileEncoding = 4; lastKnownFileType = sourcecode.swift; path = LoginViewTests.swift; sourceTree = "<group>"; };
		F266AAD51E857DE40004D341 /* PostsViewControllerTests.swift */ = {isa = PBXFileReference; fileEncoding = 4; lastKnownFileType = sourcecode.swift; path = PostsViewControllerTests.swift; sourceTree = "<group>"; };
		F266AAD81E857E150004D341 /* TestInfo.plist */ = {isa = PBXFileReference; fileEncoding = 4; lastKnownFileType = text.plist.xml; path = TestInfo.plist; sourceTree = "<group>"; };
		F266AADB1E857E550004D341 /* AppDelegateTests.swift */ = {isa = PBXFileReference; fileEncoding = 4; lastKnownFileType = sourcecode.swift; path = AppDelegateTests.swift; sourceTree = "<group>"; };
		F266AADC1E857E550004D341 /* MainCoordinatorTests.swift */ = {isa = PBXFileReference; fileEncoding = 4; lastKnownFileType = sourcecode.swift; path = MainCoordinatorTests.swift; sourceTree = "<group>"; };
		F266AAE11E857EC10004D341 /* KeychainManagerTests.swift */ = {isa = PBXFileReference; fileEncoding = 4; lastKnownFileType = sourcecode.swift; path = KeychainManagerTests.swift; sourceTree = "<group>"; };
		F266AAE41E857F450004D341 /* LoginUserTests.swift */ = {isa = PBXFileReference; fileEncoding = 4; lastKnownFileType = sourcecode.swift; path = LoginUserTests.swift; sourceTree = "<group>"; };
		F266AAE71E857FA20004D341 /* APIClientTests.swift */ = {isa = PBXFileReference; fileEncoding = 4; lastKnownFileType = sourcecode.swift; path = APIClientTests.swift; sourceTree = "<group>"; };
		F266AAE81E857FA20004D341 /* URLCreatorTests.swift */ = {isa = PBXFileReference; fileEncoding = 4; lastKnownFileType = sourcecode.swift; path = URLCreatorTests.swift; sourceTree = "<group>"; };
		F27A05351EA8B58000D2178C /* PostCellTests.swift */ = {isa = PBXFileReference; fileEncoding = 4; lastKnownFileType = sourcecode.swift; path = PostCellTests.swift; sourceTree = "<group>"; };
		F27A055A1EAB2AC100D2178C /* DDHImageView.swift */ = {isa = PBXFileReference; fileEncoding = 4; lastKnownFileType = sourcecode.swift; path = DDHImageView.swift; sourceTree = "<group>"; };
		F28D2E421E3C80C000DB692B /* LoginView.swift */ = {isa = PBXFileReference; fileEncoding = 4; lastKnownFileType = sourcecode.swift; path = LoginView.swift; sourceTree = "<group>"; };
		F296236E1E75A9400089ADC7 /* AccountsViewController.swift */ = {isa = PBXFileReference; fileEncoding = 4; lastKnownFileType = sourcecode.swift; path = AccountsViewController.swift; sourceTree = "<group>"; };
		F29623751E79E42F0089ADC7 /* DDHFoundation.framework */ = {isa = PBXFileReference; explicitFileType = wrapper.framework; includeInIndex = 0; path = DDHFoundation.framework; sourceTree = BUILT_PRODUCTS_DIR; };
		F29623771E79E42F0089ADC7 /* DDHFoundation.h */ = {isa = PBXFileReference; lastKnownFileType = sourcecode.c.h; path = DDHFoundation.h; sourceTree = "<group>"; };
		F29623781E79E42F0089ADC7 /* Info.plist */ = {isa = PBXFileReference; lastKnownFileType = text.plist.xml; path = Info.plist; sourceTree = "<group>"; };
		F296237D1E79E42F0089ADC7 /* DDHFoundationTests.xctest */ = {isa = PBXFileReference; explicitFileType = wrapper.cfbundle; includeInIndex = 0; path = DDHFoundationTests.xctest; sourceTree = BUILT_PRODUCTS_DIR; };
		F29623951E79E4C90089ADC7 /* DDHButton.swift */ = {isa = PBXFileReference; fileEncoding = 4; lastKnownFileType = sourcecode.swift; path = DDHButton.swift; sourceTree = "<group>"; };
		F29623961E79E4C90089ADC7 /* DDHLabel.swift */ = {isa = PBXFileReference; fileEncoding = 4; lastKnownFileType = sourcecode.swift; path = DDHLabel.swift; sourceTree = "<group>"; };
		F29623971E79E4C90089ADC7 /* DDHTextField.swift */ = {isa = PBXFileReference; fileEncoding = 4; lastKnownFileType = sourcecode.swift; path = DDHTextField.swift; sourceTree = "<group>"; };
		F29623981E79E4C90089ADC7 /* DDHTextView.swift */ = {isa = PBXFileReference; fileEncoding = 4; lastKnownFileType = sourcecode.swift; path = DDHTextView.swift; sourceTree = "<group>"; };
		F29623991E79E4C90089ADC7 /* DDHView.swift */ = {isa = PBXFileReference; fileEncoding = 4; lastKnownFileType = sourcecode.swift; path = DDHView.swift; sourceTree = "<group>"; };
		F29623A01E79E5D30089ADC7 /* ShareView.swift */ = {isa = PBXFileReference; fileEncoding = 4; lastKnownFileType = sourcecode.swift; path = ShareView.swift; sourceTree = "<group>"; };
		F29623A31E7D1CA60089ADC7 /* AppColors.swift */ = {isa = PBXFileReference; fileEncoding = 4; lastKnownFileType = sourcecode.swift; path = AppColors.swift; sourceTree = "<group>"; };
		F29623A91E7E6D690089ADC7 /* Constants.swift */ = {isa = PBXFileReference; fileEncoding = 4; lastKnownFileType = sourcecode.swift; path = Constants.swift; sourceTree = "<group>"; };
		F29623AB1E7EE2B20089ADC7 /* AccountCell.swift */ = {isa = PBXFileReference; fileEncoding = 4; lastKnownFileType = sourcecode.swift; path = AccountCell.swift; sourceTree = "<group>"; };
		F2CE76B81E5090B000140C78 /* KeychainManager.swift */ = {isa = PBXFileReference; fileEncoding = 4; lastKnownFileType = sourcecode.swift; path = KeychainManager.swift; sourceTree = "<group>"; };
		F2CE76C01E50911F00140C78 /* DictionaryCreatable.swift */ = {isa = PBXFileReference; fileEncoding = 4; lastKnownFileType = sourcecode.swift; path = DictionaryCreatable.swift; sourceTree = "<group>"; };
		F2CE76C11E50911F00140C78 /* LoginUser.swift */ = {isa = PBXFileReference; fileEncoding = 4; lastKnownFileType = sourcecode.swift; path = LoginUser.swift; sourceTree = "<group>"; };
		F2CE76D01E5093BA00140C78 /* MockKeychainManager.swift */ = {isa = PBXFileReference; fileEncoding = 4; lastKnownFileType = sourcecode.swift; path = MockKeychainManager.swift; sourceTree = "<group>"; };
		F2CE76D11E5093BA00140C78 /* URLRequestStub.swift */ = {isa = PBXFileReference; fileEncoding = 4; lastKnownFileType = sourcecode.swift; path = URLRequestStub.swift; sourceTree = "<group>"; };
		F2CE76D61E53388700140C78 /* MockUserDefaults.swift */ = {isa = PBXFileReference; fileEncoding = 4; lastKnownFileType = sourcecode.swift; path = MockUserDefaults.swift; sourceTree = "<group>"; };
		F2CE76DA1E548E3A00140C78 /* PostingViewController.swift */ = {isa = PBXFileReference; fileEncoding = 4; lastKnownFileType = sourcecode.swift; path = PostingViewController.swift; sourceTree = "<group>"; };
		F2CE76DE1E54923A00140C78 /* PostingView.swift */ = {isa = PBXFileReference; fileEncoding = 4; lastKnownFileType = sourcecode.swift; path = PostingView.swift; sourceTree = "<group>"; };
		F2CE76E31E54F3A900140C78 /* Result.swift */ = {isa = PBXFileReference; fileEncoding = 4; lastKnownFileType = sourcecode.swift; path = Result.swift; sourceTree = "<group>"; };
		F2CFA9E81EAFE38400E0F77E /* TableViewDataSource.swift */ = {isa = PBXFileReference; fileEncoding = 4; lastKnownFileType = sourcecode.swift; path = TableViewDataSource.swift; sourceTree = "<group>"; };
		F2D3D6351E70B5D700AAAC1C /* SettingsItem.swift */ = {isa = PBXFileReference; fileEncoding = 4; lastKnownFileType = sourcecode.swift; path = SettingsItem.swift; sourceTree = "<group>"; };
		F2D3D6371E72025000AAAC1C /* TextSettingsCell.swift */ = {isa = PBXFileReference; fileEncoding = 4; lastKnownFileType = sourcecode.swift; path = TextSettingsCell.swift; sourceTree = "<group>"; };
		F2DA1FBE1E9BCB45004E43E7 /* PostsCoordinator.swift */ = {isa = PBXFileReference; fileEncoding = 4; lastKnownFileType = sourcecode.swift; path = PostsCoordinator.swift; sourceTree = "<group>"; };
		F2DA1FBF1E9BCB45004E43E7 /* PostsCoordinatorTests.swift */ = {isa = PBXFileReference; fileEncoding = 4; lastKnownFileType = sourcecode.swift; path = PostsCoordinatorTests.swift; sourceTree = "<group>"; };
		F2E3D6FF1E9CD82B00635A5C /* CoordinatingProtocols.swift */ = {isa = PBXFileReference; fileEncoding = 4; lastKnownFileType = sourcecode.swift; path = CoordinatingProtocols.swift; sourceTree = "<group>"; };
		F2E3D7011E9D03EE00635A5C /* Configurable.swift */ = {isa = PBXFileReference; fileEncoding = 4; lastKnownFileType = sourcecode.swift; path = Configurable.swift; sourceTree = "<group>"; };
		F2E3D7031E9D06B700635A5C /* PostCell.swift */ = {isa = PBXFileReference; fileEncoding = 4; lastKnownFileType = sourcecode.swift; path = PostCell.swift; sourceTree = "<group>"; };
		F2E3D7051E9D24B900635A5C /* main.swift */ = {isa = PBXFileReference; fileEncoding = 4; lastKnownFileType = sourcecode.swift; path = main.swift; sourceTree = "<group>"; };
		F2E3D7071E9D251100635A5C /* TestingAppDelegate.swift */ = {isa = PBXFileReference; fileEncoding = 4; lastKnownFileType = sourcecode.swift; path = TestingAppDelegate.swift; sourceTree = "<group>"; };
		F2E3D7091E9D2F7600635A5C /* AccountsCoordinator.swift */ = {isa = PBXFileReference; fileEncoding = 4; lastKnownFileType = sourcecode.swift; path = AccountsCoordinator.swift; sourceTree = "<group>"; };
		F2E3D70B1E9D3D7900635A5C /* AccountsCoordinatorTests.swift */ = {isa = PBXFileReference; fileEncoding = 4; lastKnownFileType = sourcecode.swift; path = AccountsCoordinatorTests.swift; sourceTree = "<group>"; };
		F2E3D7111E9D425400635A5C /* NavigationControllerMock.swift */ = {isa = PBXFileReference; fileEncoding = 4; lastKnownFileType = sourcecode.swift; path = NavigationControllerMock.swift; sourceTree = "<group>"; };
		F2E492621E37FF45000C7187 /* phazel.app */ = {isa = PBXFileReference; explicitFileType = wrapper.application; includeInIndex = 0; path = phazel.app; sourceTree = BUILT_PRODUCTS_DIR; };
		F2E492651E37FF45000C7187 /* AppDelegate.swift */ = {isa = PBXFileReference; lastKnownFileType = sourcecode.swift; path = AppDelegate.swift; sourceTree = "<group>"; };
		F2E4926C1E37FF45000C7187 /* Assets.xcassets */ = {isa = PBXFileReference; lastKnownFileType = folder.assetcatalog; path = Assets.xcassets; sourceTree = "<group>"; };
		F2E4926F1E37FF45000C7187 /* Base */ = {isa = PBXFileReference; lastKnownFileType = file.storyboard; name = Base; path = Base.lproj/LaunchScreen.storyboard; sourceTree = "<group>"; };
		F2E492711E37FF45000C7187 /* Info.plist */ = {isa = PBXFileReference; lastKnownFileType = text.plist.xml; path = Info.plist; sourceTree = "<group>"; };
		F2E492761E37FF46000C7187 /* phazelTests.xctest */ = {isa = PBXFileReference; explicitFileType = wrapper.cfbundle; includeInIndex = 0; path = phazelTests.xctest; sourceTree = BUILT_PRODUCTS_DIR; };
		F2F33C861E5CE20A007E53E1 /* Meta.swift */ = {isa = PBXFileReference; fileEncoding = 4; lastKnownFileType = sourcecode.swift; path = Meta.swift; sourceTree = "<group>"; };
		F2F33C8B1E609818007E53E1 /* Pnut.entitlements */ = {isa = PBXFileReference; lastKnownFileType = text.plist.entitlements; path = Pnut.entitlements; sourceTree = "<group>"; };
/* End PBXFileReference section */

/* Begin PBXFrameworksBuildPhase section */
		55160CD51E4B04830043A3CC /* Frameworks */ = {
			isa = PBXFrameworksBuildPhase;
			buildActionMask = 2147483647;
			files = (
				F29623A21E7C451E0089ADC7 /* DDHFoundation.framework in Frameworks */,
				F25549DE1E61B0F400CE5D14 /* Roaster.framework in Frameworks */,
			);
			runOnlyForDeploymentPostprocessing = 0;
		};
		F23BE4051E508E300068E82F /* Frameworks */ = {
			isa = PBXFrameworksBuildPhase;
			buildActionMask = 2147483647;
			files = (
			);
			runOnlyForDeploymentPostprocessing = 0;
		};
		F23BE40E1E508E300068E82F /* Frameworks */ = {
			isa = PBXFrameworksBuildPhase;
			buildActionMask = 2147483647;
			files = (
				F23BE4121E508E300068E82F /* Roaster.framework in Frameworks */,
			);
			runOnlyForDeploymentPostprocessing = 0;
		};
		F29623711E79E42F0089ADC7 /* Frameworks */ = {
			isa = PBXFrameworksBuildPhase;
			buildActionMask = 2147483647;
			files = (
			);
			runOnlyForDeploymentPostprocessing = 0;
		};
		F296237A1E79E42F0089ADC7 /* Frameworks */ = {
			isa = PBXFrameworksBuildPhase;
			buildActionMask = 2147483647;
			files = (
				F296237E1E79E42F0089ADC7 /* DDHFoundation.framework in Frameworks */,
			);
			runOnlyForDeploymentPostprocessing = 0;
		};
		F2E4925F1E37FF45000C7187 /* Frameworks */ = {
			isa = PBXFrameworksBuildPhase;
			buildActionMask = 2147483647;
			files = (
				F296238A1E79E4300089ADC7 /* DDHFoundation.framework in Frameworks */,
				F23BE41E1E508E300068E82F /* Roaster.framework in Frameworks */,
			);
			runOnlyForDeploymentPostprocessing = 0;
		};
		F2E492731E37FF46000C7187 /* Frameworks */ = {
			isa = PBXFrameworksBuildPhase;
			buildActionMask = 2147483647;
			files = (
			);
			runOnlyForDeploymentPostprocessing = 0;
		};
/* End PBXFrameworksBuildPhase section */

/* Begin PBXGroup section */
		55160CD91E4B04840043A3CC /* Pnut */ = {
			isa = PBXGroup;
			children = (
				F25549DF1E61F22600CE5D14 /* Extract.js */,
				F2F33C8B1E609818007E53E1 /* Pnut.entitlements */,
				55160CDA1E4B04840043A3CC /* ShareViewController.swift */,
				F29623A01E79E5D30089ADC7 /* ShareView.swift */,
				55160CDF1E4B04840043A3CC /* Info.plist */,
			);
			path = Pnut;
			sourceTree = "<group>";
		};
		F23BE40A1E508E300068E82F /* Roaster */ = {
			isa = PBXGroup;
			children = (
				F2CE76E21E54F3A900140C78 /* Helper */,
				F2CE76BF1E50911F00140C78 /* Model */,
				F2CE76B71E5090B000140C78 /* Keychain */,
				F23BE4271E508EA90068E82F /* Networking */,
				F29623A91E7E6D690089ADC7 /* Constants.swift */,
				F23BE40B1E508E300068E82F /* Roaster.h */,
				F23BE40C1E508E300068E82F /* Info.plist */,
			);
			path = Roaster;
			sourceTree = "<group>";
		};
		F23BE4171E508E300068E82F /* RoasterTests */ = {
			isa = PBXGroup;
			children = (
				F2CE76CF1E5093BA00140C78 /* Mocks */,
				F23BE42E1E508EB50068E82F /* Networking */,
				F23BE41A1E508E300068E82F /* Info.plist */,
				F25549E11E63027100CE5D14 /* DDHTestCase.swift */,
			);
			path = RoasterTests;
			sourceTree = "<group>";
		};
		F23BE4271E508EA90068E82F /* Networking */ = {
			isa = PBXGroup;
			children = (
				F23BE4281E508EA90068E82F /* APIClient.swift */,
				F266AAE71E857FA20004D341 /* APIClientTests.swift */,
				F23BE42A1E508EA90068E82F /* URLCreator.swift */,
				F266AAE81E857FA20004D341 /* URLCreatorTests.swift */,
				F246C2091E8EEA380027E159 /* Secrets.swift */,
			);
			path = Networking;
			sourceTree = "<group>";
		};
		F23BE42E1E508EB50068E82F /* Networking */ = {
			isa = PBXGroup;
			children = (
				554DC7041E66F30B009AE752 /* PostsResponse.json */,
			);
			path = Networking;
			sourceTree = "<group>";
		};
		F2425A4E1E43D8D2001B7E46 /* Extensions */ = {
			isa = PBXGroup;
			children = (
				F2425A4F1E43D8EB001B7E46 /* UIWindowExtensions.swift */,
			);
			path = Extensions;
			sourceTree = "<group>";
		};
		F246C1FB1E8EE8A20027E159 /* SupportingFiles */ = {
			isa = PBXGroup;
			children = (
				F246C1FD1E8EE8A20027E159 /* Roaster.xcdatamodeld */,
				F246C2021E8EE93A0027E159 /* phazel.entitlements */,
			);
			path = SupportingFiles;
			sourceTree = "<group>";
		};
		F246C2051E8EE9650027E159 /* CoreData */ = {
			isa = PBXGroup;
			children = (
				F246C2121E8FFF3C0027E159 /* User.swift */,
				F246C2151E9002560027E159 /* UserTests.swift */,
				F246C2181E902A700027E159 /* Content.swift */,
				F246C2441E9034110027E159 /* ContentTests.swift */,
				F246C2471E9036C30027E159 /* Link.swift */,
				F246C24A1E90C28E0027E159 /* LinkTests.swift */,
				F246C24D1E9117E70027E159 /* Mention.swift */,
				F246C2501E9120BD0027E159 /* MentionTests.swift */,
				F246C2531E92DD0F0027E159 /* Tag.swift */,
				F246C2561E92DEA60027E159 /* TagTests.swift */,
				F246C2841E94E4700027E159 /* Post.swift */,
				F246C2811E94E3CB0027E159 /* PostTests.swift */,
				F246C2881E9633F80027E159 /* Image.swift */,
				F246C28B1E9635D30027E159 /* ImageTests.swift */,
			);
			path = CoreData;
			sourceTree = "<group>";
		};
		F266AAD41E857DE40004D341 /* Timeline */ = {
			isa = PBXGroup;
			children = (
				F246C28D1E96A24A0027E159 /* PostsViewController.swift */,
				F266AAD51E857DE40004D341 /* PostsViewControllerTests.swift */,
				F2DA1FBE1E9BCB45004E43E7 /* PostsCoordinator.swift */,
				F2DA1FBF1E9BCB45004E43E7 /* PostsCoordinatorTests.swift */,
				F2E3D7031E9D06B700635A5C /* PostCell.swift */,
				F27A05351EA8B58000D2178C /* PostCellTests.swift */,
			);
			path = Timeline;
			sourceTree = "<group>";
		};
		F29623761E79E42F0089ADC7 /* DDHFoundation */ = {
			isa = PBXGroup;
			children = (
				F29623A31E7D1CA60089ADC7 /* AppColors.swift */,
				F29623771E79E42F0089ADC7 /* DDHFoundation.h */,
				F29623941E79E4C90089ADC7 /* Views */,
				F29623781E79E42F0089ADC7 /* Info.plist */,
				F266AAC01E857BED0004D341 /* TestInfo.plist */,
			);
			path = DDHFoundation;
			sourceTree = "<group>";
		};
		F29623941E79E4C90089ADC7 /* Views */ = {
			isa = PBXGroup;
			children = (
				F29623951E79E4C90089ADC7 /* DDHButton.swift */,
				F29623961E79E4C90089ADC7 /* DDHLabel.swift */,
				F266AABA1E857B000004D341 /* DDHLabelTests.swift */,
				F29623971E79E4C90089ADC7 /* DDHTextField.swift */,
				F29623981E79E4C90089ADC7 /* DDHTextView.swift */,
				F266AABB1E857B000004D341 /* DDHTextViewTests.swift */,
				F29623991E79E4C90089ADC7 /* DDHView.swift */,
				F27A055A1EAB2AC100D2178C /* DDHImageView.swift */,
			);
			path = Views;
			sourceTree = "<group>";
		};
		F2C12AA41E3BED580056155C /* Login */ = {
			isa = PBXGroup;
			children = (
				F28D2E421E3C80C000DB692B /* LoginView.swift */,
				F266AACD1E857D660004D341 /* LoginViewTests.swift */,
				F2425A4C1E3FD31E001B7E46 /* LoginViewController.swift */,
				F266AACC1E857D660004D341 /* LoginViewControllerTests.swift */,
				55BB81381E423F6D008C58CD /* LoginCoordinator.swift */,
				F266AACB1E857D660004D341 /* LoginCoordinatorTests.swift */,
			);
			path = Login;
			sourceTree = "<group>";
		};
		F2CE76B71E5090B000140C78 /* Keychain */ = {
			isa = PBXGroup;
			children = (
				F2CE76B81E5090B000140C78 /* KeychainManager.swift */,
				F266AAE11E857EC10004D341 /* KeychainManagerTests.swift */,
			);
			path = Keychain;
			sourceTree = "<group>";
		};
		F2CE76BF1E50911F00140C78 /* Model */ = {
			isa = PBXGroup;
			children = (
				F2CE76C01E50911F00140C78 /* DictionaryCreatable.swift */,
				F2CE76C11E50911F00140C78 /* LoginUser.swift */,
				F266AAE41E857F450004D341 /* LoginUserTests.swift */,
				F2F33C861E5CE20A007E53E1 /* Meta.swift */,
			);
			path = Model;
			sourceTree = "<group>";
		};
		F2CE76CF1E5093BA00140C78 /* Mocks */ = {
			isa = PBXGroup;
			children = (
				F2CE76D01E5093BA00140C78 /* MockKeychainManager.swift */,
				F2CE76D11E5093BA00140C78 /* URLRequestStub.swift */,
				F2CE76D61E53388700140C78 /* MockUserDefaults.swift */,
			);
			path = Mocks;
			sourceTree = "<group>";
		};
		F2CE76D81E548DE000140C78 /* Posting */ = {
			isa = PBXGroup;
			children = (
				F2CE76DE1E54923A00140C78 /* PostingView.swift */,
				F266AAC41E857D080004D341 /* PostingViewTests.swift */,
				F2CE76DA1E548E3A00140C78 /* PostingViewController.swift */,
				F266AAC31E857D080004D341 /* PostingViewControllerTests.swift */,
			);
			path = Posting;
			sourceTree = "<group>";
		};
		F2CE76E21E54F3A900140C78 /* Helper */ = {
			isa = PBXGroup;
			children = (
				F2CE76E31E54F3A900140C78 /* Result.swift */,
			);
			path = Helper;
			sourceTree = "<group>";
		};
		F2E3D70F1E9D425400635A5C /* phazelTests */ = {
			isa = PBXGroup;
			children = (
				F2E3D7101E9D425400635A5C /* Mocks */,
			);
			path = phazelTests;
			sourceTree = "<group>";
		};
		F2E3D7101E9D425400635A5C /* Mocks */ = {
			isa = PBXGroup;
			children = (
				F2E3D7111E9D425400635A5C /* NavigationControllerMock.swift */,
			);
			path = Mocks;
			sourceTree = "<group>";
		};
		F2E492591E37FF45000C7187 = {
			isa = PBXGroup;
			children = (
				F2E492641E37FF45000C7187 /* phazel */,
				F2E3D70F1E9D425400635A5C /* phazelTests */,
				55160CD91E4B04840043A3CC /* Pnut */,
				F23BE40A1E508E300068E82F /* Roaster */,
				F23BE4171E508E300068E82F /* RoasterTests */,
				F29623761E79E42F0089ADC7 /* DDHFoundation */,
				F2E492631E37FF45000C7187 /* Products */,
			);
			sourceTree = "<group>";
		};
		F2E492631E37FF45000C7187 /* Products */ = {
			isa = PBXGroup;
			children = (
				F2E492621E37FF45000C7187 /* phazel.app */,
				F2E492761E37FF46000C7187 /* phazelTests.xctest */,
				55160CD81E4B04830043A3CC /* Pnut.appex */,
				F23BE4091E508E300068E82F /* Roaster.framework */,
				F23BE4111E508E300068E82F /* RoasterTests.xctest */,
				F29623751E79E42F0089ADC7 /* DDHFoundation.framework */,
				F296237D1E79E42F0089ADC7 /* DDHFoundationTests.xctest */,
			);
			name = Products;
			sourceTree = "<group>";
		};
		F2E492641E37FF45000C7187 /* phazel */ = {
			isa = PBXGroup;
			children = (
				F2E492651E37FF45000C7187 /* AppDelegate.swift */,
				F2E3D7051E9D24B900635A5C /* main.swift */,
				F2E3D7071E9D251100635A5C /* TestingAppDelegate.swift */,
				F266AADB1E857E550004D341 /* AppDelegateTests.swift */,
				F2425A511E44E4FF001B7E46 /* MainCoordinator.swift */,
				F266AADC1E857E550004D341 /* MainCoordinatorTests.swift */,
				F2CFA9E81EAFE38400E0F77E /* TableViewDataSource.swift */,
				F215AB9B1EAFE14D004847EF /* TableViewDataSourceTests.swift */,
				F2E3D6FF1E9CD82B00635A5C /* CoordinatingProtocols.swift */,
				F2E3D7011E9D03EE00635A5C /* Configurable.swift */,
				F2F25A4B1E5A35FC0028C9D2 /* Settings */,
				F2425A4E1E43D8D2001B7E46 /* Extensions */,
				F2C12AA41E3BED580056155C /* Login */,
				F2CE76D81E548DE000140C78 /* Posting */,
				F266AAD41E857DE40004D341 /* Timeline */,
				F246C2051E8EE9650027E159 /* CoreData */,
				F246C1FB1E8EE8A20027E159 /* SupportingFiles */,
				F2E4926C1E37FF45000C7187 /* Assets.xcassets */,
				F2E4926E1E37FF45000C7187 /* LaunchScreen.storyboard */,
				F2E492711E37FF45000C7187 /* Info.plist */,
				F266AAD81E857E150004D341 /* TestInfo.plist */,
			);
			path = phazel;
			sourceTree = "<group>";
		};
		F2F25A4B1E5A35FC0028C9D2 /* Settings */ = {
			isa = PBXGroup;
			children = (
				F25549E91E6AF96C00CE5D14 /* SettingsCoordinator.swift */,
				F266AAAF1E8579F90004D341 /* SettingsCoordinatorTests.swift */,
				F25549E71E6AF63700CE5D14 /* SettingsViewController.swift */,
				F266AAB01E8579F90004D341 /* SettingsViewControllerTests.swift */,
				F2D3D6371E72025000AAAC1C /* TextSettingsCell.swift */,
				F266AAB11E8579F90004D341 /* TextSettingsCellTests.swift */,
				F2D3D6351E70B5D700AAAC1C /* SettingsItem.swift */,
				F2E3D7091E9D2F7600635A5C /* AccountsCoordinator.swift */,
				F2E3D70B1E9D3D7900635A5C /* AccountsCoordinatorTests.swift */,
				F296236E1E75A9400089ADC7 /* AccountsViewController.swift */,
				F266AAAE1E8579F90004D341 /* AccountsViewControllerTests.swift */,
				F29623AB1E7EE2B20089ADC7 /* AccountCell.swift */,
			);
			path = Settings;
			sourceTree = "<group>";
		};
/* End PBXGroup section */

/* Begin PBXHeadersBuildPhase section */
		F23BE4061E508E300068E82F /* Headers */ = {
			isa = PBXHeadersBuildPhase;
			buildActionMask = 2147483647;
			files = (
				F23BE41B1E508E300068E82F /* Roaster.h in Headers */,
			);
			runOnlyForDeploymentPostprocessing = 0;
		};
		F29623721E79E42F0089ADC7 /* Headers */ = {
			isa = PBXHeadersBuildPhase;
			buildActionMask = 2147483647;
			files = (
				F29623871E79E42F0089ADC7 /* DDHFoundation.h in Headers */,
			);
			runOnlyForDeploymentPostprocessing = 0;
		};
/* End PBXHeadersBuildPhase section */

/* Begin PBXNativeTarget section */
		55160CD71E4B04830043A3CC /* Pnut */ = {
			isa = PBXNativeTarget;
			buildConfigurationList = 55160CE51E4B04840043A3CC /* Build configuration list for PBXNativeTarget "Pnut" */;
			buildPhases = (
				55160CD41E4B04830043A3CC /* Sources */,
				55160CD51E4B04830043A3CC /* Frameworks */,
				55160CD61E4B04830043A3CC /* Resources */,
			);
			buildRules = (
			);
			dependencies = (
			);
			name = Pnut;
			productName = Pnut;
			productReference = 55160CD81E4B04830043A3CC /* Pnut.appex */;
			productType = "com.apple.product-type.app-extension";
		};
		F23BE4081E508E300068E82F /* Roaster */ = {
			isa = PBXNativeTarget;
			buildConfigurationList = F23BE4241E508E300068E82F /* Build configuration list for PBXNativeTarget "Roaster" */;
			buildPhases = (
				F23BE4041E508E300068E82F /* Sources */,
				F23BE4051E508E300068E82F /* Frameworks */,
				F23BE4061E508E300068E82F /* Headers */,
				F23BE4071E508E300068E82F /* Resources */,
			);
			buildRules = (
			);
			dependencies = (
			);
			name = Roaster;
			productName = Roaster;
			productReference = F23BE4091E508E300068E82F /* Roaster.framework */;
			productType = "com.apple.product-type.framework";
		};
		F23BE4101E508E300068E82F /* RoasterTests */ = {
			isa = PBXNativeTarget;
			buildConfigurationList = F23BE4261E508E300068E82F /* Build configuration list for PBXNativeTarget "RoasterTests" */;
			buildPhases = (
				F23BE40D1E508E300068E82F /* Sources */,
				F23BE40E1E508E300068E82F /* Frameworks */,
				F23BE40F1E508E300068E82F /* Resources */,
			);
			buildRules = (
			);
			dependencies = (
				F23BE4141E508E300068E82F /* PBXTargetDependency */,
				F23BE4161E508E300068E82F /* PBXTargetDependency */,
			);
			name = RoasterTests;
			productName = RoasterTests;
			productReference = F23BE4111E508E300068E82F /* RoasterTests.xctest */;
			productType = "com.apple.product-type.bundle.unit-test";
		};
		F29623741E79E42F0089ADC7 /* DDHFoundation */ = {
			isa = PBXNativeTarget;
			buildConfigurationList = F296238C1E79E4300089ADC7 /* Build configuration list for PBXNativeTarget "DDHFoundation" */;
			buildPhases = (
				F29623701E79E42F0089ADC7 /* Sources */,
				F29623711E79E42F0089ADC7 /* Frameworks */,
				F29623721E79E42F0089ADC7 /* Headers */,
				F29623731E79E42F0089ADC7 /* Resources */,
			);
			buildRules = (
			);
			dependencies = (
			);
			name = DDHFoundation;
			productName = DDHFoundation;
			productReference = F29623751E79E42F0089ADC7 /* DDHFoundation.framework */;
			productType = "com.apple.product-type.framework";
		};
		F296237C1E79E42F0089ADC7 /* DDHFoundationTests */ = {
			isa = PBXNativeTarget;
			buildConfigurationList = F296238F1E79E4300089ADC7 /* Build configuration list for PBXNativeTarget "DDHFoundationTests" */;
			buildPhases = (
				F29623791E79E42F0089ADC7 /* Sources */,
				F296237A1E79E42F0089ADC7 /* Frameworks */,
				F296237B1E79E42F0089ADC7 /* Resources */,
			);
			buildRules = (
			);
			dependencies = (
				F29623801E79E42F0089ADC7 /* PBXTargetDependency */,
				F29623821E79E42F0089ADC7 /* PBXTargetDependency */,
			);
			name = DDHFoundationTests;
			productName = DDHFoundationTests;
			productReference = F296237D1E79E42F0089ADC7 /* DDHFoundationTests.xctest */;
			productType = "com.apple.product-type.bundle.unit-test";
		};
		F2E492611E37FF45000C7187 /* phazel */ = {
			isa = PBXNativeTarget;
			buildConfigurationList = F2E4927F1E37FF46000C7187 /* Build configuration list for PBXNativeTarget "phazel" */;
			buildPhases = (
				F2E4925E1E37FF45000C7187 /* Sources */,
				F2E4925F1E37FF45000C7187 /* Frameworks */,
				F2E492601E37FF45000C7187 /* Resources */,
				55160CE61E4B04840043A3CC /* Embed App Extensions */,
				F23BE4251E508E300068E82F /* Embed Frameworks */,
			);
			buildRules = (
			);
			dependencies = (
				55160CE11E4B04840043A3CC /* PBXTargetDependency */,
				F23BE41D1E508E300068E82F /* PBXTargetDependency */,
				F29623891E79E4300089ADC7 /* PBXTargetDependency */,
			);
			name = phazel;
			productName = phazel;
			productReference = F2E492621E37FF45000C7187 /* phazel.app */;
			productType = "com.apple.product-type.application";
		};
		F2E492751E37FF46000C7187 /* phazelTests */ = {
			isa = PBXNativeTarget;
			buildConfigurationList = F2E492821E37FF46000C7187 /* Build configuration list for PBXNativeTarget "phazelTests" */;
			buildPhases = (
				F2E492721E37FF46000C7187 /* Sources */,
				F2E492731E37FF46000C7187 /* Frameworks */,
				F2E492741E37FF46000C7187 /* Resources */,
			);
			buildRules = (
			);
			dependencies = (
				F2E492781E37FF46000C7187 /* PBXTargetDependency */,
			);
			name = phazelTests;
			productName = phazelTests;
			productReference = F2E492761E37FF46000C7187 /* phazelTests.xctest */;
			productType = "com.apple.product-type.bundle.unit-test";
		};
/* End PBXNativeTarget section */

/* Begin PBXProject section */
		F2E4925A1E37FF45000C7187 /* Project object */ = {
			isa = PBXProject;
			attributes = {
				LastSwiftUpdateCheck = 0820;
				LastUpgradeCheck = 0820;
				ORGANIZATIONNAME = dasdom;
				TargetAttributes = {
					55160CD71E4B04830043A3CC = {
						CreatedOnToolsVersion = 8.2.1;
						DevelopmentTeam = Q6PD97MRX4;
						ProvisioningStyle = Automatic;
						SystemCapabilities = {
							com.apple.ApplicationGroups.iOS = {
								enabled = 1;
							};
							com.apple.Keychain = {
								enabled = 1;
							};
						};
					};
					F23BE4081E508E300068E82F = {
						CreatedOnToolsVersion = 8.2.1;
						DevelopmentTeam = Q6PD97MRX4;
						ProvisioningStyle = Automatic;
					};
					F23BE4101E508E300068E82F = {
						CreatedOnToolsVersion = 8.2.1;
						DevelopmentTeam = Q6PD97MRX4;
						ProvisioningStyle = Automatic;
						TestTargetID = F2E492611E37FF45000C7187;
					};
					F29623741E79E42F0089ADC7 = {
						CreatedOnToolsVersion = 8.2.1;
						DevelopmentTeam = Q6PD97MRX4;
						ProvisioningStyle = Automatic;
					};
					F296237C1E79E42F0089ADC7 = {
						CreatedOnToolsVersion = 8.2.1;
						DevelopmentTeam = Q6PD97MRX4;
						ProvisioningStyle = Automatic;
						TestTargetID = F2E492611E37FF45000C7187;
					};
					F2E492611E37FF45000C7187 = {
						CreatedOnToolsVersion = 8.2.1;
						DevelopmentTeam = Q6PD97MRX4;
						ProvisioningStyle = Automatic;
						SystemCapabilities = {
							com.apple.ApplicationGroups.iOS = {
								enabled = 1;
							};
							com.apple.Keychain = {
								enabled = 1;
							};
						};
					};
					F2E492751E37FF46000C7187 = {
						CreatedOnToolsVersion = 8.2.1;
						DevelopmentTeam = Q6PD97MRX4;
						ProvisioningStyle = Automatic;
						TestTargetID = F2E492611E37FF45000C7187;
					};
				};
			};
			buildConfigurationList = F2E4925D1E37FF45000C7187 /* Build configuration list for PBXProject "phazel" */;
			compatibilityVersion = "Xcode 3.2";
			developmentRegion = English;
			hasScannedForEncodings = 0;
			knownRegions = (
				en,
				Base,
			);
			mainGroup = F2E492591E37FF45000C7187;
			productRefGroup = F2E492631E37FF45000C7187 /* Products */;
			projectDirPath = "";
			projectRoot = "";
			targets = (
				F2E492611E37FF45000C7187 /* phazel */,
				F2E492751E37FF46000C7187 /* phazelTests */,
				55160CD71E4B04830043A3CC /* Pnut */,
				F23BE4081E508E300068E82F /* Roaster */,
				F23BE4101E508E300068E82F /* RoasterTests */,
				F29623741E79E42F0089ADC7 /* DDHFoundation */,
				F296237C1E79E42F0089ADC7 /* DDHFoundationTests */,
			);
		};
/* End PBXProject section */

/* Begin PBXResourcesBuildPhase section */
		55160CD61E4B04830043A3CC /* Resources */ = {
			isa = PBXResourcesBuildPhase;
			buildActionMask = 2147483647;
			files = (
				F25549E01E61F22600CE5D14 /* Extract.js in Resources */,
			);
			runOnlyForDeploymentPostprocessing = 0;
		};
		F23BE4071E508E300068E82F /* Resources */ = {
			isa = PBXResourcesBuildPhase;
			buildActionMask = 2147483647;
			files = (
			);
			runOnlyForDeploymentPostprocessing = 0;
		};
		F23BE40F1E508E300068E82F /* Resources */ = {
			isa = PBXResourcesBuildPhase;
			buildActionMask = 2147483647;
			files = (
				554DC7051E66F30B009AE752 /* PostsResponse.json in Resources */,
			);
			runOnlyForDeploymentPostprocessing = 0;
		};
		F29623731E79E42F0089ADC7 /* Resources */ = {
			isa = PBXResourcesBuildPhase;
			buildActionMask = 2147483647;
			files = (
			);
			runOnlyForDeploymentPostprocessing = 0;
		};
		F296237B1E79E42F0089ADC7 /* Resources */ = {
			isa = PBXResourcesBuildPhase;
			buildActionMask = 2147483647;
			files = (
			);
			runOnlyForDeploymentPostprocessing = 0;
		};
		F2E492601E37FF45000C7187 /* Resources */ = {
			isa = PBXResourcesBuildPhase;
			buildActionMask = 2147483647;
			files = (
				F2E492701E37FF45000C7187 /* LaunchScreen.storyboard in Resources */,
				F2E4926D1E37FF45000C7187 /* Assets.xcassets in Resources */,
			);
			runOnlyForDeploymentPostprocessing = 0;
		};
		F2E492741E37FF46000C7187 /* Resources */ = {
			isa = PBXResourcesBuildPhase;
			buildActionMask = 2147483647;
			files = (
				F266AADA1E857E1D0004D341 /* TestInfo.plist in Resources */,
			);
			runOnlyForDeploymentPostprocessing = 0;
		};
/* End PBXResourcesBuildPhase section */

/* Begin PBXSourcesBuildPhase section */
		55160CD41E4B04830043A3CC /* Sources */ = {
			isa = PBXSourcesBuildPhase;
			buildActionMask = 2147483647;
			files = (
				F29623A11E79E5D30089ADC7 /* ShareView.swift in Sources */,
				55160CDB1E4B04840043A3CC /* ShareViewController.swift in Sources */,
			);
			runOnlyForDeploymentPostprocessing = 0;
		};
		F23BE4041E508E300068E82F /* Sources */ = {
			isa = PBXSourcesBuildPhase;
			buildActionMask = 2147483647;
			files = (
				F23BE42D1E508EA90068E82F /* URLCreator.swift in Sources */,
				F246C20A1E8EEA380027E159 /* Secrets.swift in Sources */,
				F29623AA1E7E6D690089ADC7 /* Constants.swift in Sources */,
				F2CE76B91E5090B000140C78 /* KeychainManager.swift in Sources */,
				F2CE76C81E50911F00140C78 /* LoginUser.swift in Sources */,
				F2CE76C71E50911F00140C78 /* DictionaryCreatable.swift in Sources */,
				F2F33C871E5CE20A007E53E1 /* Meta.swift in Sources */,
				F2CE76E41E54F3A900140C78 /* Result.swift in Sources */,
				F23BE42B1E508EA90068E82F /* APIClient.swift in Sources */,
			);
			runOnlyForDeploymentPostprocessing = 0;
		};
		F23BE40D1E508E300068E82F /* Sources */ = {
			isa = PBXSourcesBuildPhase;
			buildActionMask = 2147483647;
			files = (
				F25549E21E63027100CE5D14 /* DDHTestCase.swift in Sources */,
				F266AAE61E857F4D0004D341 /* LoginUserTests.swift in Sources */,
				F2CE76D21E5093BA00140C78 /* MockKeychainManager.swift in Sources */,
				F266AAEB1E857FA80004D341 /* APIClientTests.swift in Sources */,
				F2CE76D31E5093BA00140C78 /* URLRequestStub.swift in Sources */,
				F2CE76D71E53388700140C78 /* MockUserDefaults.swift in Sources */,
				F2FF18C11E9D7DC200FAF806 /* TestingAppDelegate.swift in Sources */,
				F266AAEC1E857FA80004D341 /* URLCreatorTests.swift in Sources */,
				F266AAE31E857EC80004D341 /* KeychainManagerTests.swift in Sources */,
			);
			runOnlyForDeploymentPostprocessing = 0;
		};
		F29623701E79E42F0089ADC7 /* Sources */ = {
			isa = PBXSourcesBuildPhase;
			buildActionMask = 2147483647;
			files = (
				F296239E1E79E4C90089ADC7 /* DDHTextView.swift in Sources */,
				F27A055B1EAB2AC200D2178C /* DDHImageView.swift in Sources */,
				F296239F1E79E4C90089ADC7 /* DDHView.swift in Sources */,
				F296239B1E79E4C90089ADC7 /* DDHButton.swift in Sources */,
				F29623A41E7D1CA60089ADC7 /* AppColors.swift in Sources */,
				F296239D1E79E4C90089ADC7 /* DDHTextField.swift in Sources */,
				F296239C1E79E4C90089ADC7 /* DDHLabel.swift in Sources */,
			);
			runOnlyForDeploymentPostprocessing = 0;
		};
		F29623791E79E42F0089ADC7 /* Sources */ = {
			isa = PBXSourcesBuildPhase;
			buildActionMask = 2147483647;
			files = (
				F2FF18C21E9D7DC300FAF806 /* TestingAppDelegate.swift in Sources */,
				F266AABF1E857B210004D341 /* DDHTextViewTests.swift in Sources */,
				F266AABE1E857B210004D341 /* DDHLabelTests.swift in Sources */,
			);
			runOnlyForDeploymentPostprocessing = 0;
		};
		F2E4925E1E37FF45000C7187 /* Sources */ = {
			isa = PBXSourcesBuildPhase;
			buildActionMask = 2147483647;
			files = (
				F246C2551E92DD0F0027E159 /* Tag.swift in Sources */,
				F2E3D7061E9D24B900635A5C /* main.swift in Sources */,
				F2E3D7021E9D03EE00635A5C /* Configurable.swift in Sources */,
				F246C24F1E9117E70027E159 /* Mention.swift in Sources */,
				F296236F1E75A9400089ADC7 /* AccountsViewController.swift in Sources */,
				F2D3D6381E72025000AAAC1C /* TextSettingsCell.swift in Sources */,
				F246C2001E8EE8A20027E159 /* Roaster.xcdatamodeld in Sources */,
				F2CFA9E91EAFE38400E0F77E /* TableViewDataSource.swift in Sources */,
				F2425A521E44E4FF001B7E46 /* MainCoordinator.swift in Sources */,
				F2425A501E43D8EB001B7E46 /* UIWindowExtensions.swift in Sources */,
				F2E3D70A1E9D2F7600635A5C /* AccountsCoordinator.swift in Sources */,
				F2E3D7041E9D06B700635A5C /* PostCell.swift in Sources */,
				F2CE76DF1E54923A00140C78 /* PostingView.swift in Sources */,
				F25549E81E6AF63700CE5D14 /* SettingsViewController.swift in Sources */,
				F246C2141E8FFF3C0027E159 /* User.swift in Sources */,
				F2CE76DB1E548E3A00140C78 /* PostingViewController.swift in Sources */,
				F2E3D7001E9CD82B00635A5C /* CoordinatingProtocols.swift in Sources */,
				F25549EA1E6AF96C00CE5D14 /* SettingsCoordinator.swift in Sources */,
				F2E492661E37FF45000C7187 /* AppDelegate.swift in Sources */,
				F246C21A1E902A700027E159 /* Content.swift in Sources */,
				F246C28A1E9633F80027E159 /* Image.swift in Sources */,
				55BB81391E423F6D008C58CD /* LoginCoordinator.swift in Sources */,
				F246C2491E9036C30027E159 /* Link.swift in Sources */,
				F246C28E1E96A24A0027E159 /* PostsViewController.swift in Sources */,
				F2DA1FC01E9BCB45004E43E7 /* PostsCoordinator.swift in Sources */,
				F29623AC1E7EE2B20089ADC7 /* AccountCell.swift in Sources */,
				F28D2E431E3C80C000DB692B /* LoginView.swift in Sources */,
				F246C2861E94E4700027E159 /* Post.swift in Sources */,
				F2425A4D1E3FD31E001B7E46 /* LoginViewController.swift in Sources */,
				F2D3D6361E70B5D700AAAC1C /* SettingsItem.swift in Sources */,
			);
			runOnlyForDeploymentPostprocessing = 0;
		};
		F2E492721E37FF46000C7187 /* Sources */ = {
			isa = PBXSourcesBuildPhase;
			buildActionMask = 2147483647;
			files = (
				F266AAD21E857D6D0004D341 /* LoginViewControllerTests.swift in Sources */,
				F266AAD71E857DF00004D341 /* PostsViewControllerTests.swift in Sources */,
				F266AAB71E857A050004D341 /* SettingsCoordinatorTests.swift in Sources */,
				F246C2821E94E3CB0027E159 /* PostTests.swift in Sources */,
				F215AB9C1EAFE14D004847EF /* TableViewDataSourceTests.swift in Sources */,
				F266AAB81E857A050004D341 /* SettingsViewControllerTests.swift in Sources */,
				F2FF18BD1E9D7B4900FAF806 /* TestingAppDelegate.swift in Sources */,
				F27A05361EA8B58000D2178C /* PostCellTests.swift in Sources */,
				F246C28C1E9635D30027E159 /* ImageTests.swift in Sources */,
				F266AADF1E857E5C0004D341 /* AppDelegateTests.swift in Sources */,
				F266AAB61E857A050004D341 /* AccountsViewControllerTests.swift in Sources */,
				F266AAD11E857D6D0004D341 /* LoginCoordinatorTests.swift in Sources */,
				F266AAE01E857E5C0004D341 /* MainCoordinatorTests.swift in Sources */,
				F266AAD31E857D6D0004D341 /* LoginViewTests.swift in Sources */,
				F266AAC91E857D120004D341 /* PostingViewControllerTests.swift in Sources */,
				F2E3D7131E9D426200635A5C /* NavigationControllerMock.swift in Sources */,
				F246C2571E92DEA60027E159 /* TagTests.swift in Sources */,
				F246C24B1E90C28E0027E159 /* LinkTests.swift in Sources */,
				F246C2511E9120BD0027E159 /* MentionTests.swift in Sources */,
				F2E3D70C1E9D3D7900635A5C /* AccountsCoordinatorTests.swift in Sources */,
				F246C2451E9034110027E159 /* ContentTests.swift in Sources */,
				F246C2911E982B390027E159 /* URLRequestStub.swift in Sources */,
				F246C2161E9002560027E159 /* UserTests.swift in Sources */,
				F266AACA1E857D120004D341 /* PostingViewTests.swift in Sources */,
				F266AAB91E857A050004D341 /* TextSettingsCellTests.swift in Sources */,
				F2DA1FC21E9BCB7A004E43E7 /* PostsCoordinatorTests.swift in Sources */,
			);
			runOnlyForDeploymentPostprocessing = 0;
		};
/* End PBXSourcesBuildPhase section */

/* Begin PBXTargetDependency section */
		55160CE11E4B04840043A3CC /* PBXTargetDependency */ = {
			isa = PBXTargetDependency;
			target = 55160CD71E4B04830043A3CC /* Pnut */;
			targetProxy = 55160CE01E4B04840043A3CC /* PBXContainerItemProxy */;
		};
		F23BE4141E508E300068E82F /* PBXTargetDependency */ = {
			isa = PBXTargetDependency;
			target = F23BE4081E508E300068E82F /* Roaster */;
			targetProxy = F23BE4131E508E300068E82F /* PBXContainerItemProxy */;
		};
		F23BE4161E508E300068E82F /* PBXTargetDependency */ = {
			isa = PBXTargetDependency;
			target = F2E492611E37FF45000C7187 /* phazel */;
			targetProxy = F23BE4151E508E300068E82F /* PBXContainerItemProxy */;
		};
		F23BE41D1E508E300068E82F /* PBXTargetDependency */ = {
			isa = PBXTargetDependency;
			target = F23BE4081E508E300068E82F /* Roaster */;
			targetProxy = F23BE41C1E508E300068E82F /* PBXContainerItemProxy */;
		};
		F29623801E79E42F0089ADC7 /* PBXTargetDependency */ = {
			isa = PBXTargetDependency;
			target = F29623741E79E42F0089ADC7 /* DDHFoundation */;
			targetProxy = F296237F1E79E42F0089ADC7 /* PBXContainerItemProxy */;
		};
		F29623821E79E42F0089ADC7 /* PBXTargetDependency */ = {
			isa = PBXTargetDependency;
			target = F2E492611E37FF45000C7187 /* phazel */;
			targetProxy = F29623811E79E42F0089ADC7 /* PBXContainerItemProxy */;
		};
		F29623891E79E4300089ADC7 /* PBXTargetDependency */ = {
			isa = PBXTargetDependency;
			target = F29623741E79E42F0089ADC7 /* DDHFoundation */;
			targetProxy = F29623881E79E4300089ADC7 /* PBXContainerItemProxy */;
		};
		F2E492781E37FF46000C7187 /* PBXTargetDependency */ = {
			isa = PBXTargetDependency;
			target = F2E492611E37FF45000C7187 /* phazel */;
			targetProxy = F2E492771E37FF46000C7187 /* PBXContainerItemProxy */;
		};
/* End PBXTargetDependency section */

/* Begin PBXVariantGroup section */
		F2E4926E1E37FF45000C7187 /* LaunchScreen.storyboard */ = {
			isa = PBXVariantGroup;
			children = (
				F2E4926F1E37FF45000C7187 /* Base */,
			);
			name = LaunchScreen.storyboard;
			sourceTree = "<group>";
		};
/* End PBXVariantGroup section */

/* Begin XCBuildConfiguration section */
		55160CE31E4B04840043A3CC /* Debug */ = {
			isa = XCBuildConfiguration;
			buildSettings = {
				CODE_SIGN_ENTITLEMENTS = Pnut/Pnut.entitlements;
				DEVELOPMENT_TEAM = Q6PD97MRX4;
				INFOPLIST_FILE = Pnut/Info.plist;
				IPHONEOS_DEPLOYMENT_TARGET = 10.0;
				LD_RUNPATH_SEARCH_PATHS = "$(inherited) @executable_path/Frameworks @executable_path/../../Frameworks";
				OTHER_SWIFT_FLAGS = "-Xfrontend -warn-long-function-bodies=500";
				PRODUCT_BUNDLE_IDENTIFIER = com.swiftandpainless.phazel.Pnut;
				PRODUCT_NAME = "$(TARGET_NAME)";
				SKIP_INSTALL = YES;
				SWIFT_VERSION = 3.0;
			};
			name = Debug;
		};
		55160CE41E4B04840043A3CC /* Release */ = {
			isa = XCBuildConfiguration;
			buildSettings = {
				CODE_SIGN_ENTITLEMENTS = Pnut/Pnut.entitlements;
				DEVELOPMENT_TEAM = Q6PD97MRX4;
				INFOPLIST_FILE = Pnut/Info.plist;
				IPHONEOS_DEPLOYMENT_TARGET = 10.0;
				LD_RUNPATH_SEARCH_PATHS = "$(inherited) @executable_path/Frameworks @executable_path/../../Frameworks";
				OTHER_SWIFT_FLAGS = "-Xfrontend -warn-long-function-bodies=500";
				PRODUCT_BUNDLE_IDENTIFIER = com.swiftandpainless.phazel.Pnut;
				PRODUCT_NAME = "$(TARGET_NAME)";
				SKIP_INSTALL = YES;
				SWIFT_VERSION = 3.0;
			};
			name = Release;
		};
		F23BE4201E508E300068E82F /* Debug */ = {
			isa = XCBuildConfiguration;
			buildSettings = {
				APPLICATION_EXTENSION_API_ONLY = YES;
				CODE_SIGN_IDENTITY = "";
				CURRENT_PROJECT_VERSION = 1;
				DEFINES_MODULE = YES;
				DEVELOPMENT_TEAM = Q6PD97MRX4;
				DYLIB_COMPATIBILITY_VERSION = 1;
				DYLIB_CURRENT_VERSION = 1;
				DYLIB_INSTALL_NAME_BASE = "@rpath";
				INFOPLIST_FILE = Roaster/Info.plist;
				INSTALL_PATH = "$(LOCAL_LIBRARY_DIR)/Frameworks";
				IPHONEOS_DEPLOYMENT_TARGET = 10.0;
				LD_RUNPATH_SEARCH_PATHS = "$(inherited) @executable_path/Frameworks @loader_path/Frameworks";
				PRODUCT_BUNDLE_IDENTIFIER = com.swiftandpainless.Roaster;
				PRODUCT_NAME = "$(TARGET_NAME)";
				SKIP_INSTALL = YES;
				SWIFT_INSTALL_OBJC_HEADER = NO;
				SWIFT_OBJC_INTERFACE_HEADER_NAME = "";
				SWIFT_VERSION = 3.0;
				TARGETED_DEVICE_FAMILY = "1,2";
				VERSIONING_SYSTEM = "apple-generic";
				VERSION_INFO_PREFIX = "";
			};
			name = Debug;
		};
		F23BE4211E508E300068E82F /* Release */ = {
			isa = XCBuildConfiguration;
			buildSettings = {
				APPLICATION_EXTENSION_API_ONLY = YES;
				CODE_SIGN_IDENTITY = "";
				CURRENT_PROJECT_VERSION = 1;
				DEFINES_MODULE = YES;
				DEVELOPMENT_TEAM = Q6PD97MRX4;
				DYLIB_COMPATIBILITY_VERSION = 1;
				DYLIB_CURRENT_VERSION = 1;
				DYLIB_INSTALL_NAME_BASE = "@rpath";
				INFOPLIST_FILE = Roaster/Info.plist;
				INSTALL_PATH = "$(LOCAL_LIBRARY_DIR)/Frameworks";
				IPHONEOS_DEPLOYMENT_TARGET = 10.0;
				LD_RUNPATH_SEARCH_PATHS = "$(inherited) @executable_path/Frameworks @loader_path/Frameworks";
				PRODUCT_BUNDLE_IDENTIFIER = com.swiftandpainless.Roaster;
				PRODUCT_NAME = "$(TARGET_NAME)";
				SKIP_INSTALL = YES;
				SWIFT_INSTALL_OBJC_HEADER = NO;
				SWIFT_OBJC_INTERFACE_HEADER_NAME = "";
				SWIFT_VERSION = 3.0;
				TARGETED_DEVICE_FAMILY = "1,2";
				VERSIONING_SYSTEM = "apple-generic";
				VERSION_INFO_PREFIX = "";
			};
			name = Release;
		};
		F23BE4221E508E300068E82F /* Debug */ = {
			isa = XCBuildConfiguration;
			buildSettings = {
				ALWAYS_EMBED_SWIFT_STANDARD_LIBRARIES = YES;
				DEVELOPMENT_TEAM = Q6PD97MRX4;
				INFOPLIST_FILE = RoasterTests/Info.plist;
				LD_RUNPATH_SEARCH_PATHS = "$(inherited) @executable_path/Frameworks @loader_path/Frameworks";
				PRODUCT_BUNDLE_IDENTIFIER = com.swiftandpainless.RoasterTests;
				PRODUCT_NAME = "$(TARGET_NAME)";
				SWIFT_VERSION = 3.0;
				TEST_HOST = "$(BUILT_PRODUCTS_DIR)/phazel.app/phazel";
			};
			name = Debug;
		};
		F23BE4231E508E300068E82F /* Release */ = {
			isa = XCBuildConfiguration;
			buildSettings = {
				ALWAYS_EMBED_SWIFT_STANDARD_LIBRARIES = YES;
				DEVELOPMENT_TEAM = Q6PD97MRX4;
				INFOPLIST_FILE = RoasterTests/Info.plist;
				LD_RUNPATH_SEARCH_PATHS = "$(inherited) @executable_path/Frameworks @loader_path/Frameworks";
				PRODUCT_BUNDLE_IDENTIFIER = com.swiftandpainless.RoasterTests;
				PRODUCT_NAME = "$(TARGET_NAME)";
				SWIFT_VERSION = 3.0;
				TEST_HOST = "$(BUILT_PRODUCTS_DIR)/phazel.app/phazel";
			};
			name = Release;
		};
		F296238D1E79E4300089ADC7 /* Debug */ = {
			isa = XCBuildConfiguration;
			buildSettings = {
				APPLICATION_EXTENSION_API_ONLY = YES;
				CODE_SIGN_IDENTITY = "";
				CURRENT_PROJECT_VERSION = 1;
				DEFINES_MODULE = YES;
				DEVELOPMENT_TEAM = Q6PD97MRX4;
				DYLIB_COMPATIBILITY_VERSION = 1;
				DYLIB_CURRENT_VERSION = 1;
				DYLIB_INSTALL_NAME_BASE = "@rpath";
				INFOPLIST_FILE = DDHFoundation/Info.plist;
				INSTALL_PATH = "$(LOCAL_LIBRARY_DIR)/Frameworks";
				IPHONEOS_DEPLOYMENT_TARGET = 10.0;
				LD_RUNPATH_SEARCH_PATHS = "$(inherited) @executable_path/Frameworks @loader_path/Frameworks";
				PRODUCT_BUNDLE_IDENTIFIER = com.swiftandpainless.DDHFoundation;
				PRODUCT_NAME = "$(TARGET_NAME)";
				SKIP_INSTALL = YES;
				SWIFT_VERSION = 3.0;
				TARGETED_DEVICE_FAMILY = "1,2";
				VERSIONING_SYSTEM = "apple-generic";
				VERSION_INFO_PREFIX = "";
			};
			name = Debug;
		};
		F296238E1E79E4300089ADC7 /* Release */ = {
			isa = XCBuildConfiguration;
			buildSettings = {
				APPLICATION_EXTENSION_API_ONLY = YES;
				CODE_SIGN_IDENTITY = "";
				CURRENT_PROJECT_VERSION = 1;
				DEFINES_MODULE = YES;
				DEVELOPMENT_TEAM = Q6PD97MRX4;
				DYLIB_COMPATIBILITY_VERSION = 1;
				DYLIB_CURRENT_VERSION = 1;
				DYLIB_INSTALL_NAME_BASE = "@rpath";
				INFOPLIST_FILE = DDHFoundation/Info.plist;
				INSTALL_PATH = "$(LOCAL_LIBRARY_DIR)/Frameworks";
				IPHONEOS_DEPLOYMENT_TARGET = 10.0;
				LD_RUNPATH_SEARCH_PATHS = "$(inherited) @executable_path/Frameworks @loader_path/Frameworks";
				PRODUCT_BUNDLE_IDENTIFIER = com.swiftandpainless.DDHFoundation;
				PRODUCT_NAME = "$(TARGET_NAME)";
				SKIP_INSTALL = YES;
				SWIFT_VERSION = 3.0;
				TARGETED_DEVICE_FAMILY = "1,2";
				VERSIONING_SYSTEM = "apple-generic";
				VERSION_INFO_PREFIX = "";
			};
			name = Release;
		};
		F29623901E79E4300089ADC7 /* Debug */ = {
			isa = XCBuildConfiguration;
			buildSettings = {
				ALWAYS_EMBED_SWIFT_STANDARD_LIBRARIES = YES;
				DEVELOPMENT_TEAM = Q6PD97MRX4;
				INFOPLIST_FILE = DDHFoundation/TestInfo.plist;
				LD_RUNPATH_SEARCH_PATHS = "$(inherited) @executable_path/Frameworks @loader_path/Frameworks";
				PRODUCT_BUNDLE_IDENTIFIER = com.swiftandpainless.DDHFoundationTests;
				PRODUCT_NAME = "$(TARGET_NAME)";
				SWIFT_VERSION = 3.0;
				TEST_HOST = "$(BUILT_PRODUCTS_DIR)/phazel.app/phazel";
			};
			name = Debug;
		};
		F29623911E79E4300089ADC7 /* Release */ = {
			isa = XCBuildConfiguration;
			buildSettings = {
				ALWAYS_EMBED_SWIFT_STANDARD_LIBRARIES = YES;
				DEVELOPMENT_TEAM = Q6PD97MRX4;
				INFOPLIST_FILE = DDHFoundation/TestInfo.plist;
				LD_RUNPATH_SEARCH_PATHS = "$(inherited) @executable_path/Frameworks @loader_path/Frameworks";
				PRODUCT_BUNDLE_IDENTIFIER = com.swiftandpainless.DDHFoundationTests;
				PRODUCT_NAME = "$(TARGET_NAME)";
				SWIFT_VERSION = 3.0;
				TEST_HOST = "$(BUILT_PRODUCTS_DIR)/phazel.app/phazel";
			};
			name = Release;
		};
		F2E4927D1E37FF46000C7187 /* Debug */ = {
			isa = XCBuildConfiguration;
			buildSettings = {
				ALWAYS_SEARCH_USER_PATHS = NO;
				CLANG_ANALYZER_NONNULL = YES;
				CLANG_CXX_LANGUAGE_STANDARD = "gnu++0x";
				CLANG_CXX_LIBRARY = "libc++";
				CLANG_ENABLE_MODULES = YES;
				CLANG_ENABLE_OBJC_ARC = YES;
				CLANG_WARN_BOOL_CONVERSION = YES;
				CLANG_WARN_CONSTANT_CONVERSION = YES;
				CLANG_WARN_DIRECT_OBJC_ISA_USAGE = YES_ERROR;
				CLANG_WARN_DOCUMENTATION_COMMENTS = YES;
				CLANG_WARN_EMPTY_BODY = YES;
				CLANG_WARN_ENUM_CONVERSION = YES;
				CLANG_WARN_INFINITE_RECURSION = YES;
				CLANG_WARN_INT_CONVERSION = YES;
				CLANG_WARN_OBJC_ROOT_CLASS = YES_ERROR;
				CLANG_WARN_SUSPICIOUS_MOVE = YES;
				CLANG_WARN_UNREACHABLE_CODE = YES;
				CLANG_WARN__DUPLICATE_METHOD_MATCH = YES;
				"CODE_SIGN_IDENTITY[sdk=iphoneos*]" = "iPhone Developer";
				COPY_PHASE_STRIP = NO;
				DEBUG_INFORMATION_FORMAT = dwarf;
				ENABLE_STRICT_OBJC_MSGSEND = YES;
				ENABLE_TESTABILITY = YES;
				GCC_C_LANGUAGE_STANDARD = gnu99;
				GCC_DYNAMIC_NO_PIC = NO;
				GCC_NO_COMMON_BLOCKS = YES;
				GCC_OPTIMIZATION_LEVEL = 0;
				GCC_PREPROCESSOR_DEFINITIONS = (
					"DEBUG=1",
					"$(inherited)",
				);
				GCC_WARN_64_TO_32_BIT_CONVERSION = YES;
				GCC_WARN_ABOUT_RETURN_TYPE = YES_ERROR;
				GCC_WARN_UNDECLARED_SELECTOR = YES;
				GCC_WARN_UNINITIALIZED_AUTOS = YES_AGGRESSIVE;
				GCC_WARN_UNUSED_FUNCTION = YES;
				GCC_WARN_UNUSED_VARIABLE = YES;
				IPHONEOS_DEPLOYMENT_TARGET = 10.2;
				MTL_ENABLE_DEBUG_INFO = YES;
				ONLY_ACTIVE_ARCH = YES;
				SDKROOT = iphoneos;
				SWIFT_ACTIVE_COMPILATION_CONDITIONS = DEBUG;
				SWIFT_OPTIMIZATION_LEVEL = "-Onone";
			};
			name = Debug;
		};
		F2E4927E1E37FF46000C7187 /* Release */ = {
			isa = XCBuildConfiguration;
			buildSettings = {
				ALWAYS_SEARCH_USER_PATHS = NO;
				CLANG_ANALYZER_NONNULL = YES;
				CLANG_CXX_LANGUAGE_STANDARD = "gnu++0x";
				CLANG_CXX_LIBRARY = "libc++";
				CLANG_ENABLE_MODULES = YES;
				CLANG_ENABLE_OBJC_ARC = YES;
				CLANG_WARN_BOOL_CONVERSION = YES;
				CLANG_WARN_CONSTANT_CONVERSION = YES;
				CLANG_WARN_DIRECT_OBJC_ISA_USAGE = YES_ERROR;
				CLANG_WARN_DOCUMENTATION_COMMENTS = YES;
				CLANG_WARN_EMPTY_BODY = YES;
				CLANG_WARN_ENUM_CONVERSION = YES;
				CLANG_WARN_INFINITE_RECURSION = YES;
				CLANG_WARN_INT_CONVERSION = YES;
				CLANG_WARN_OBJC_ROOT_CLASS = YES_ERROR;
				CLANG_WARN_SUSPICIOUS_MOVE = YES;
				CLANG_WARN_UNREACHABLE_CODE = YES;
				CLANG_WARN__DUPLICATE_METHOD_MATCH = YES;
				"CODE_SIGN_IDENTITY[sdk=iphoneos*]" = "iPhone Developer";
				COPY_PHASE_STRIP = NO;
				DEBUG_INFORMATION_FORMAT = "dwarf-with-dsym";
				ENABLE_NS_ASSERTIONS = NO;
				ENABLE_STRICT_OBJC_MSGSEND = YES;
				GCC_C_LANGUAGE_STANDARD = gnu99;
				GCC_NO_COMMON_BLOCKS = YES;
				GCC_WARN_64_TO_32_BIT_CONVERSION = YES;
				GCC_WARN_ABOUT_RETURN_TYPE = YES_ERROR;
				GCC_WARN_UNDECLARED_SELECTOR = YES;
				GCC_WARN_UNINITIALIZED_AUTOS = YES_AGGRESSIVE;
				GCC_WARN_UNUSED_FUNCTION = YES;
				GCC_WARN_UNUSED_VARIABLE = YES;
				IPHONEOS_DEPLOYMENT_TARGET = 10.2;
				MTL_ENABLE_DEBUG_INFO = NO;
				SDKROOT = iphoneos;
				SWIFT_OPTIMIZATION_LEVEL = "-Owholemodule";
				VALIDATE_PRODUCT = YES;
			};
			name = Release;
		};
		F2E492801E37FF46000C7187 /* Debug */ = {
			isa = XCBuildConfiguration;
			buildSettings = {
				ALWAYS_EMBED_SWIFT_STANDARD_LIBRARIES = YES;
				ASSETCATALOG_COMPILER_APPICON_NAME = AppIcon;
				CODE_SIGN_ENTITLEMENTS = phazel/SupportingFiles/phazel.entitlements;
				DEVELOPMENT_TEAM = Q6PD97MRX4;
				GCC_TREAT_WARNINGS_AS_ERRORS = YES;
				INFOPLIST_FILE = phazel/Info.plist;
				IPHONEOS_DEPLOYMENT_TARGET = 10.0;
				LD_RUNPATH_SEARCH_PATHS = "$(inherited) @executable_path/Frameworks";
				PRODUCT_BUNDLE_IDENTIFIER = com.swiftandpainless.phazel;
				PRODUCT_NAME = "$(TARGET_NAME)";
				SWIFT_VERSION = 3.0;
			};
			name = Debug;
		};
		F2E492811E37FF46000C7187 /* Release */ = {
			isa = XCBuildConfiguration;
			buildSettings = {
				ALWAYS_EMBED_SWIFT_STANDARD_LIBRARIES = YES;
				ASSETCATALOG_COMPILER_APPICON_NAME = AppIcon;
				CODE_SIGN_ENTITLEMENTS = phazel/SupportingFiles/phazel.entitlements;
				DEVELOPMENT_TEAM = Q6PD97MRX4;
				GCC_TREAT_WARNINGS_AS_ERRORS = YES;
				INFOPLIST_FILE = phazel/Info.plist;
				IPHONEOS_DEPLOYMENT_TARGET = 10.0;
				LD_RUNPATH_SEARCH_PATHS = "$(inherited) @executable_path/Frameworks";
				PRODUCT_BUNDLE_IDENTIFIER = com.swiftandpainless.phazel;
				PRODUCT_NAME = "$(TARGET_NAME)";
				SWIFT_VERSION = 3.0;
			};
			name = Release;
		};
		F2E492831E37FF46000C7187 /* Debug */ = {
			isa = XCBuildConfiguration;
			buildSettings = {
				ALWAYS_EMBED_SWIFT_STANDARD_LIBRARIES = YES;
				BUNDLE_LOADER = "$(TEST_HOST)";
				DEVELOPMENT_TEAM = Q6PD97MRX4;
				INFOPLIST_FILE = phazel/Info.plist;
				LD_RUNPATH_SEARCH_PATHS = "$(inherited) @executable_path/Frameworks @loader_path/Frameworks";
				PRODUCT_BUNDLE_IDENTIFIER = com.swiftandpainless.phazelTests;
				PRODUCT_NAME = "$(TARGET_NAME)";
				SWIFT_VERSION = 3.0;
				TEST_HOST = "$(BUILT_PRODUCTS_DIR)/phazel.app/phazel";
			};
			name = Debug;
		};
		F2E492841E37FF46000C7187 /* Release */ = {
			isa = XCBuildConfiguration;
			buildSettings = {
				ALWAYS_EMBED_SWIFT_STANDARD_LIBRARIES = YES;
				BUNDLE_LOADER = "$(TEST_HOST)";
				DEVELOPMENT_TEAM = Q6PD97MRX4;
				INFOPLIST_FILE = phazel/Info.plist;
				LD_RUNPATH_SEARCH_PATHS = "$(inherited) @executable_path/Frameworks @loader_path/Frameworks";
				PRODUCT_BUNDLE_IDENTIFIER = com.swiftandpainless.phazelTests;
				PRODUCT_NAME = "$(TARGET_NAME)";
				SWIFT_VERSION = 3.0;
				TEST_HOST = "$(BUILT_PRODUCTS_DIR)/phazel.app/phazel";
			};
			name = Release;
		};
/* End XCBuildConfiguration section */

/* Begin XCConfigurationList section */
		55160CE51E4B04840043A3CC /* Build configuration list for PBXNativeTarget "Pnut" */ = {
			isa = XCConfigurationList;
			buildConfigurations = (
				55160CE31E4B04840043A3CC /* Debug */,
				55160CE41E4B04840043A3CC /* Release */,
			);
			defaultConfigurationIsVisible = 0;
			defaultConfigurationName = Release;
		};
		F23BE4241E508E300068E82F /* Build configuration list for PBXNativeTarget "Roaster" */ = {
			isa = XCConfigurationList;
			buildConfigurations = (
				F23BE4201E508E300068E82F /* Debug */,
				F23BE4211E508E300068E82F /* Release */,
			);
			defaultConfigurationIsVisible = 0;
			defaultConfigurationName = Release;
		};
		F23BE4261E508E300068E82F /* Build configuration list for PBXNativeTarget "RoasterTests" */ = {
			isa = XCConfigurationList;
			buildConfigurations = (
				F23BE4221E508E300068E82F /* Debug */,
				F23BE4231E508E300068E82F /* Release */,
			);
			defaultConfigurationIsVisible = 0;
			defaultConfigurationName = Release;
		};
		F296238C1E79E4300089ADC7 /* Build configuration list for PBXNativeTarget "DDHFoundation" */ = {
			isa = XCConfigurationList;
			buildConfigurations = (
				F296238D1E79E4300089ADC7 /* Debug */,
				F296238E1E79E4300089ADC7 /* Release */,
			);
			defaultConfigurationIsVisible = 0;
			defaultConfigurationName = Release;
		};
		F296238F1E79E4300089ADC7 /* Build configuration list for PBXNativeTarget "DDHFoundationTests" */ = {
			isa = XCConfigurationList;
			buildConfigurations = (
				F29623901E79E4300089ADC7 /* Debug */,
				F29623911E79E4300089ADC7 /* Release */,
			);
			defaultConfigurationIsVisible = 0;
			defaultConfigurationName = Release;
		};
		F2E4925D1E37FF45000C7187 /* Build configuration list for PBXProject "phazel" */ = {
			isa = XCConfigurationList;
			buildConfigurations = (
				F2E4927D1E37FF46000C7187 /* Debug */,
				F2E4927E1E37FF46000C7187 /* Release */,
			);
			defaultConfigurationIsVisible = 0;
			defaultConfigurationName = Release;
		};
		F2E4927F1E37FF46000C7187 /* Build configuration list for PBXNativeTarget "phazel" */ = {
			isa = XCConfigurationList;
			buildConfigurations = (
				F2E492801E37FF46000C7187 /* Debug */,
				F2E492811E37FF46000C7187 /* Release */,
			);
			defaultConfigurationIsVisible = 0;
			defaultConfigurationName = Release;
		};
		F2E492821E37FF46000C7187 /* Build configuration list for PBXNativeTarget "phazelTests" */ = {
			isa = XCConfigurationList;
			buildConfigurations = (
				F2E492831E37FF46000C7187 /* Debug */,
				F2E492841E37FF46000C7187 /* Release */,
			);
			defaultConfigurationIsVisible = 0;
			defaultConfigurationName = Release;
		};
/* End XCConfigurationList section */

/* Begin XCVersionGroup section */
		F246C1FD1E8EE8A20027E159 /* Roaster.xcdatamodeld */ = {
			isa = XCVersionGroup;
			children = (
				F246C1FE1E8EE8A20027E159 /* Roaster.xcdatamodel */,
			);
			currentVersion = F246C1FE1E8EE8A20027E159 /* Roaster.xcdatamodel */;
			path = Roaster.xcdatamodeld;
			sourceTree = "<group>";
			versionGroupType = wrapper.xcdatamodel;
		};
/* End XCVersionGroup section */
	};
	rootObject = F2E4925A1E37FF45000C7187 /* Project object */;
}
