// !$*UTF8*$!
{
	archiveVersion = 1;
	classes = {
	};
	objectVersion = 46;
	objects = {

/* Begin PBXBuildFile section */
		55160CDB1E4B04840043A3CC /* ShareViewController.swift in Sources */ = {isa = PBXBuildFile; fileRef = 55160CDA1E4B04840043A3CC /* ShareViewController.swift */; };
		55160CDE1E4B04840043A3CC /* MainInterface.storyboard in Resources */ = {isa = PBXBuildFile; fileRef = 55160CDC1E4B04840043A3CC /* MainInterface.storyboard */; };
		55160CE21E4B04840043A3CC /* Pnut.appex in Embed App Extensions */ = {isa = PBXBuildFile; fileRef = 55160CD81E4B04830043A3CC /* Pnut.appex */; settings = {ATTRIBUTES = (RemoveHeadersOnCopy, ); }; };
		554DC7051E66F30B009AE752 /* PostsResponse.json in Resources */ = {isa = PBXBuildFile; fileRef = 554DC7041E66F30B009AE752 /* PostsResponse.json */; };
		554DC7071E672A92009AE752 /* Source.swift in Sources */ = {isa = PBXBuildFile; fileRef = 554DC7061E672A92009AE752 /* Source.swift */; };
		557AA78A1E5DEABE0089E2DB /* secrets.json in Resources */ = {isa = PBXBuildFile; fileRef = 557AA7891E5DEABE0089E2DB /* secrets.json */; };
		55BB81101E41CD64008C58CD /* LoginCoordinatorTests.swift in Sources */ = {isa = PBXBuildFile; fileRef = 55BB810F1E41CD64008C58CD /* LoginCoordinatorTests.swift */; };
		55BB81391E423F6D008C58CD /* LoginCoordinator.swift in Sources */ = {isa = PBXBuildFile; fileRef = 55BB81381E423F6D008C58CD /* LoginCoordinator.swift */; };
		F23BE3A41E47050C0068E82F /* PostsCollectionViewControllerTests.swift in Sources */ = {isa = PBXBuildFile; fileRef = F23BE3A31E47050C0068E82F /* PostsCollectionViewControllerTests.swift */; };
		F23BE4121E508E300068E82F /* Roaster.framework in Frameworks */ = {isa = PBXBuildFile; fileRef = F23BE4091E508E300068E82F /* Roaster.framework */; };
		F23BE41B1E508E300068E82F /* Roaster.h in Headers */ = {isa = PBXBuildFile; fileRef = F23BE40B1E508E300068E82F /* Roaster.h */; settings = {ATTRIBUTES = (Public, ); }; };
		F23BE41E1E508E300068E82F /* Roaster.framework in Frameworks */ = {isa = PBXBuildFile; fileRef = F23BE4091E508E300068E82F /* Roaster.framework */; };
		F23BE41F1E508E300068E82F /* Roaster.framework in Embed Frameworks */ = {isa = PBXBuildFile; fileRef = F23BE4091E508E300068E82F /* Roaster.framework */; settings = {ATTRIBUTES = (CodeSignOnCopy, RemoveHeadersOnCopy, ); }; };
		F23BE42B1E508EA90068E82F /* APIClient.swift in Sources */ = {isa = PBXBuildFile; fileRef = F23BE4281E508EA90068E82F /* APIClient.swift */; };
		F23BE42D1E508EA90068E82F /* URLCreator.swift in Sources */ = {isa = PBXBuildFile; fileRef = F23BE42A1E508EA90068E82F /* URLCreator.swift */; };
		F23BE4311E508EB50068E82F /* APIClientTests.swift in Sources */ = {isa = PBXBuildFile; fileRef = F23BE42F1E508EB50068E82F /* APIClientTests.swift */; };
		F23BE4321E508EB50068E82F /* URLCreatorTests.swift in Sources */ = {isa = PBXBuildFile; fileRef = F23BE4301E508EB50068E82F /* URLCreatorTests.swift */; };
		F2425A4B1E3FD263001B7E46 /* LoginViewControllerTests.swift in Sources */ = {isa = PBXBuildFile; fileRef = F2425A4A1E3FD263001B7E46 /* LoginViewControllerTests.swift */; };
		F2425A4D1E3FD31E001B7E46 /* LoginViewController.swift in Sources */ = {isa = PBXBuildFile; fileRef = F2425A4C1E3FD31E001B7E46 /* LoginViewController.swift */; };
		F2425A501E43D8EB001B7E46 /* UIWindowExtensions.swift in Sources */ = {isa = PBXBuildFile; fileRef = F2425A4F1E43D8EB001B7E46 /* UIWindowExtensions.swift */; };
		F2425A521E44E4FF001B7E46 /* MainCoordinator.swift in Sources */ = {isa = PBXBuildFile; fileRef = F2425A511E44E4FF001B7E46 /* MainCoordinator.swift */; };
		F2425A541E452ACB001B7E46 /* MainCoordinatorTests.swift in Sources */ = {isa = PBXBuildFile; fileRef = F2425A531E452ACB001B7E46 /* MainCoordinatorTests.swift */; };
		F25549DE1E61B0F400CE5D14 /* Roaster.framework in Frameworks */ = {isa = PBXBuildFile; fileRef = F23BE4091E508E300068E82F /* Roaster.framework */; };
		F25549E01E61F22600CE5D14 /* Extract.js in Resources */ = {isa = PBXBuildFile; fileRef = F25549DF1E61F22600CE5D14 /* Extract.js */; };
		F25549E21E63027100CE5D14 /* DDHTestCase.swift in Sources */ = {isa = PBXBuildFile; fileRef = F25549E11E63027100CE5D14 /* DDHTestCase.swift */; };
		F25549E41E676BCD00CE5D14 /* User.swift in Sources */ = {isa = PBXBuildFile; fileRef = F25549E31E676BCD00CE5D14 /* User.swift */; };
		F25C6FEC1E5738220005B688 /* PostCoordinator.swift in Sources */ = {isa = PBXBuildFile; fileRef = F25C6FEB1E5738220005B688 /* PostCoordinator.swift */; };
		F25C6FEE1E5738800005B688 /* PostCoordinatorTests.swift in Sources */ = {isa = PBXBuildFile; fileRef = F25C6FED1E5738800005B688 /* PostCoordinatorTests.swift */; };
		F25C6FF01E5893BC0005B688 /* AppDelegateTests.swift in Sources */ = {isa = PBXBuildFile; fileRef = F25C6FEF1E5893BC0005B688 /* AppDelegateTests.swift */; };
		F28D2E431E3C80C000DB692B /* LoginView.swift in Sources */ = {isa = PBXBuildFile; fileRef = F28D2E421E3C80C000DB692B /* LoginView.swift */; };
		F2C12AA61E3BEFE60056155C /* LoginViewTests.swift in Sources */ = {isa = PBXBuildFile; fileRef = F2C12AA51E3BEFE60056155C /* LoginViewTests.swift */; };
		F2CE76B61E50909D00140C78 /* KeychainManagerTests.swift in Sources */ = {isa = PBXBuildFile; fileRef = F2CE76B51E50909D00140C78 /* KeychainManagerTests.swift */; };
		F2CE76B91E5090B000140C78 /* KeychainManager.swift in Sources */ = {isa = PBXBuildFile; fileRef = F2CE76B81E5090B000140C78 /* KeychainManager.swift */; };
		F2CE76C71E50911F00140C78 /* DictionaryCreatable.swift in Sources */ = {isa = PBXBuildFile; fileRef = F2CE76C01E50911F00140C78 /* DictionaryCreatable.swift */; };
		F2CE76C81E50911F00140C78 /* LoginUser.swift in Sources */ = {isa = PBXBuildFile; fileRef = F2CE76C11E50911F00140C78 /* LoginUser.swift */; };
		F2CE76C91E50911F00140C78 /* Post.swift in Sources */ = {isa = PBXBuildFile; fileRef = F2CE76C21E50911F00140C78 /* Post.swift */; };
		F2CE76CC1E50913500140C78 /* LoginUserTests.swift in Sources */ = {isa = PBXBuildFile; fileRef = F2CE76CB1E50913500140C78 /* LoginUserTests.swift */; };
		F2CE76D21E5093BA00140C78 /* MockKeychainManager.swift in Sources */ = {isa = PBXBuildFile; fileRef = F2CE76D01E5093BA00140C78 /* MockKeychainManager.swift */; };
		F2CE76D31E5093BA00140C78 /* URLRequestStub.swift in Sources */ = {isa = PBXBuildFile; fileRef = F2CE76D11E5093BA00140C78 /* URLRequestStub.swift */; };
		F2CE76D71E53388700140C78 /* MockUserDefaults.swift in Sources */ = {isa = PBXBuildFile; fileRef = F2CE76D61E53388700140C78 /* MockUserDefaults.swift */; };
		F2CE76DB1E548E3A00140C78 /* PostViewController.swift in Sources */ = {isa = PBXBuildFile; fileRef = F2CE76DA1E548E3A00140C78 /* PostViewController.swift */; };
		F2CE76DD1E54917000140C78 /* PostViewControllerTests.swift in Sources */ = {isa = PBXBuildFile; fileRef = F2CE76DC1E54917000140C78 /* PostViewControllerTests.swift */; };
		F2CE76DF1E54923A00140C78 /* PostView.swift in Sources */ = {isa = PBXBuildFile; fileRef = F2CE76DE1E54923A00140C78 /* PostView.swift */; };
		F2CE76E11E54F15100140C78 /* PostViewTests.swift in Sources */ = {isa = PBXBuildFile; fileRef = F2CE76E01E54F15100140C78 /* PostViewTests.swift */; };
		F2CE76E41E54F3A900140C78 /* Result.swift in Sources */ = {isa = PBXBuildFile; fileRef = F2CE76E31E54F3A900140C78 /* Result.swift */; };
		F2CE76E91E54F3BD00140C78 /* DDHButton.swift in Sources */ = {isa = PBXBuildFile; fileRef = F2CE76E61E54F3BD00140C78 /* DDHButton.swift */; };
		F2CE76EA1E54F3BD00140C78 /* DDHTextField.swift in Sources */ = {isa = PBXBuildFile; fileRef = F2CE76E71E54F3BD00140C78 /* DDHTextField.swift */; };
		F2CE76EB1E54F3BD00140C78 /* DDHView.swift in Sources */ = {isa = PBXBuildFile; fileRef = F2CE76E81E54F3BD00140C78 /* DDHView.swift */; };
		F2CE76ED1E54F41300140C78 /* DDHTextView.swift in Sources */ = {isa = PBXBuildFile; fileRef = F2CE76EC1E54F41300140C78 /* DDHTextView.swift */; };
		F2E492661E37FF45000C7187 /* AppDelegate.swift in Sources */ = {isa = PBXBuildFile; fileRef = F2E492651E37FF45000C7187 /* AppDelegate.swift */; };
		F2E4926D1E37FF45000C7187 /* Assets.xcassets in Resources */ = {isa = PBXBuildFile; fileRef = F2E4926C1E37FF45000C7187 /* Assets.xcassets */; };
		F2E492701E37FF45000C7187 /* LaunchScreen.storyboard in Resources */ = {isa = PBXBuildFile; fileRef = F2E4926E1E37FF45000C7187 /* LaunchScreen.storyboard */; };
		F2F25A4D1E5A362A0028C9D2 /* UIColorExtensions.swift in Sources */ = {isa = PBXBuildFile; fileRef = F2F25A4C1E5A362A0028C9D2 /* UIColorExtensions.swift */; };
		F2F33C871E5CE20A007E53E1 /* Meta.swift in Sources */ = {isa = PBXBuildFile; fileRef = F2F33C861E5CE20A007E53E1 /* Meta.swift */; };
		F2F33C891E5F7D83007E53E1 /* DDHLabel.swift in Sources */ = {isa = PBXBuildFile; fileRef = F2F33C881E5F7D83007E53E1 /* DDHLabel.swift */; };
/* End PBXBuildFile section */

/* Begin PBXContainerItemProxy section */
		55160CE01E4B04840043A3CC /* PBXContainerItemProxy */ = {
			isa = PBXContainerItemProxy;
			containerPortal = F2E4925A1E37FF45000C7187 /* Project object */;
			proxyType = 1;
			remoteGlobalIDString = 55160CD71E4B04830043A3CC;
			remoteInfo = Pnut;
		};
		F23BE4131E508E300068E82F /* PBXContainerItemProxy */ = {
			isa = PBXContainerItemProxy;
			containerPortal = F2E4925A1E37FF45000C7187 /* Project object */;
			proxyType = 1;
			remoteGlobalIDString = F23BE4081E508E300068E82F;
			remoteInfo = Roaster;
		};
		F23BE4151E508E300068E82F /* PBXContainerItemProxy */ = {
			isa = PBXContainerItemProxy;
			containerPortal = F2E4925A1E37FF45000C7187 /* Project object */;
			proxyType = 1;
			remoteGlobalIDString = F2E492611E37FF45000C7187;
			remoteInfo = phazel;
		};
		F23BE41C1E508E300068E82F /* PBXContainerItemProxy */ = {
			isa = PBXContainerItemProxy;
			containerPortal = F2E4925A1E37FF45000C7187 /* Project object */;
			proxyType = 1;
			remoteGlobalIDString = F23BE4081E508E300068E82F;
			remoteInfo = Roaster;
		};
		F2E492771E37FF46000C7187 /* PBXContainerItemProxy */ = {
			isa = PBXContainerItemProxy;
			containerPortal = F2E4925A1E37FF45000C7187 /* Project object */;
			proxyType = 1;
			remoteGlobalIDString = F2E492611E37FF45000C7187;
			remoteInfo = phazel;
		};
/* End PBXContainerItemProxy section */

/* Begin PBXCopyFilesBuildPhase section */
		55160CE61E4B04840043A3CC /* Embed App Extensions */ = {
			isa = PBXCopyFilesBuildPhase;
			buildActionMask = 2147483647;
			dstPath = "";
			dstSubfolderSpec = 13;
			files = (
				55160CE21E4B04840043A3CC /* Pnut.appex in Embed App Extensions */,
			);
			name = "Embed App Extensions";
			runOnlyForDeploymentPostprocessing = 0;
		};
		F23BE4251E508E300068E82F /* Embed Frameworks */ = {
			isa = PBXCopyFilesBuildPhase;
			buildActionMask = 2147483647;
			dstPath = "";
			dstSubfolderSpec = 10;
			files = (
				F23BE41F1E508E300068E82F /* Roaster.framework in Embed Frameworks */,
			);
			name = "Embed Frameworks";
			runOnlyForDeploymentPostprocessing = 0;
		};
/* End PBXCopyFilesBuildPhase section */

/* Begin PBXFileReference section */
		55160CD81E4B04830043A3CC /* Pnut.appex */ = {isa = PBXFileReference; explicitFileType = "wrapper.app-extension"; includeInIndex = 0; path = Pnut.appex; sourceTree = BUILT_PRODUCTS_DIR; };
		55160CDA1E4B04840043A3CC /* ShareViewController.swift */ = {isa = PBXFileReference; lastKnownFileType = sourcecode.swift; path = ShareViewController.swift; sourceTree = "<group>"; };
		55160CDD1E4B04840043A3CC /* Base */ = {isa = PBXFileReference; lastKnownFileType = file.storyboard; name = Base; path = Base.lproj/MainInterface.storyboard; sourceTree = "<group>"; };
		55160CDF1E4B04840043A3CC /* Info.plist */ = {isa = PBXFileReference; lastKnownFileType = text.plist.xml; path = Info.plist; sourceTree = "<group>"; };
		554DC7041E66F30B009AE752 /* PostsResponse.json */ = {isa = PBXFileReference; fileEncoding = 4; lastKnownFileType = text.json; path = PostsResponse.json; sourceTree = "<group>"; };
		554DC7061E672A92009AE752 /* Source.swift */ = {isa = PBXFileReference; fileEncoding = 4; lastKnownFileType = sourcecode.swift; path = Source.swift; sourceTree = "<group>"; };
		557AA7891E5DEABE0089E2DB /* secrets.json */ = {isa = PBXFileReference; fileEncoding = 4; lastKnownFileType = text.json; path = secrets.json; sourceTree = "<group>"; };
		55BB810F1E41CD64008C58CD /* LoginCoordinatorTests.swift */ = {isa = PBXFileReference; fileEncoding = 4; lastKnownFileType = sourcecode.swift; path = LoginCoordinatorTests.swift; sourceTree = "<group>"; };
		55BB81381E423F6D008C58CD /* LoginCoordinator.swift */ = {isa = PBXFileReference; fileEncoding = 4; lastKnownFileType = sourcecode.swift; path = LoginCoordinator.swift; sourceTree = "<group>"; };
		F23BE3A31E47050C0068E82F /* PostsCollectionViewControllerTests.swift */ = {isa = PBXFileReference; fileEncoding = 4; lastKnownFileType = sourcecode.swift; path = PostsCollectionViewControllerTests.swift; sourceTree = "<group>"; };
		F23BE4091E508E300068E82F /* Roaster.framework */ = {isa = PBXFileReference; explicitFileType = wrapper.framework; includeInIndex = 0; path = Roaster.framework; sourceTree = BUILT_PRODUCTS_DIR; };
		F23BE40B1E508E300068E82F /* Roaster.h */ = {isa = PBXFileReference; lastKnownFileType = sourcecode.c.h; path = Roaster.h; sourceTree = "<group>"; };
		F23BE40C1E508E300068E82F /* Info.plist */ = {isa = PBXFileReference; lastKnownFileType = text.plist.xml; path = Info.plist; sourceTree = "<group>"; };
		F23BE4111E508E300068E82F /* RoasterTests.xctest */ = {isa = PBXFileReference; explicitFileType = wrapper.cfbundle; includeInIndex = 0; path = RoasterTests.xctest; sourceTree = BUILT_PRODUCTS_DIR; };
		F23BE41A1E508E300068E82F /* Info.plist */ = {isa = PBXFileReference; lastKnownFileType = text.plist.xml; path = Info.plist; sourceTree = "<group>"; };
		F23BE4281E508EA90068E82F /* APIClient.swift */ = {isa = PBXFileReference; fileEncoding = 4; lastKnownFileType = sourcecode.swift; path = APIClient.swift; sourceTree = "<group>"; };
		F23BE42A1E508EA90068E82F /* URLCreator.swift */ = {isa = PBXFileReference; fileEncoding = 4; lastKnownFileType = sourcecode.swift; path = URLCreator.swift; sourceTree = "<group>"; };
		F23BE42F1E508EB50068E82F /* APIClientTests.swift */ = {isa = PBXFileReference; fileEncoding = 4; lastKnownFileType = sourcecode.swift; path = APIClientTests.swift; sourceTree = "<group>"; };
		F23BE4301E508EB50068E82F /* URLCreatorTests.swift */ = {isa = PBXFileReference; fileEncoding = 4; lastKnownFileType = sourcecode.swift; path = URLCreatorTests.swift; sourceTree = "<group>"; };
		F2425A4A1E3FD263001B7E46 /* LoginViewControllerTests.swift */ = {isa = PBXFileReference; fileEncoding = 4; lastKnownFileType = sourcecode.swift; path = LoginViewControllerTests.swift; sourceTree = "<group>"; };
		F2425A4C1E3FD31E001B7E46 /* LoginViewController.swift */ = {isa = PBXFileReference; fileEncoding = 4; lastKnownFileType = sourcecode.swift; path = LoginViewController.swift; sourceTree = "<group>"; };
		F2425A4F1E43D8EB001B7E46 /* UIWindowExtensions.swift */ = {isa = PBXFileReference; fileEncoding = 4; lastKnownFileType = sourcecode.swift; path = UIWindowExtensions.swift; sourceTree = "<group>"; };
		F2425A511E44E4FF001B7E46 /* MainCoordinator.swift */ = {isa = PBXFileReference; fileEncoding = 4; lastKnownFileType = sourcecode.swift; path = MainCoordinator.swift; sourceTree = "<group>"; };
		F2425A531E452ACB001B7E46 /* MainCoordinatorTests.swift */ = {isa = PBXFileReference; fileEncoding = 4; lastKnownFileType = sourcecode.swift; path = MainCoordinatorTests.swift; sourceTree = "<group>"; };
		F25549DF1E61F22600CE5D14 /* Extract.js */ = {isa = PBXFileReference; fileEncoding = 4; lastKnownFileType = sourcecode.javascript; path = Extract.js; sourceTree = "<group>"; };
		F25549E11E63027100CE5D14 /* DDHTestCase.swift */ = {isa = PBXFileReference; fileEncoding = 4; lastKnownFileType = sourcecode.swift; path = DDHTestCase.swift; sourceTree = "<group>"; };
		F25549E31E676BCD00CE5D14 /* User.swift */ = {isa = PBXFileReference; fileEncoding = 4; lastKnownFileType = sourcecode.swift; path = User.swift; sourceTree = "<group>"; };
		F25C6FEB1E5738220005B688 /* PostCoordinator.swift */ = {isa = PBXFileReference; fileEncoding = 4; lastKnownFileType = sourcecode.swift; path = PostCoordinator.swift; sourceTree = "<group>"; };
		F25C6FED1E5738800005B688 /* PostCoordinatorTests.swift */ = {isa = PBXFileReference; fileEncoding = 4; lastKnownFileType = sourcecode.swift; path = PostCoordinatorTests.swift; sourceTree = "<group>"; };
		F25C6FEF1E5893BC0005B688 /* AppDelegateTests.swift */ = {isa = PBXFileReference; fileEncoding = 4; lastKnownFileType = sourcecode.swift; path = AppDelegateTests.swift; sourceTree = "<group>"; };
		F28D2E421E3C80C000DB692B /* LoginView.swift */ = {isa = PBXFileReference; fileEncoding = 4; lastKnownFileType = sourcecode.swift; path = LoginView.swift; sourceTree = "<group>"; };
		F2C12AA51E3BEFE60056155C /* LoginViewTests.swift */ = {isa = PBXFileReference; fileEncoding = 4; lastKnownFileType = sourcecode.swift; path = LoginViewTests.swift; sourceTree = "<group>"; };
		F2CE76B51E50909D00140C78 /* KeychainManagerTests.swift */ = {isa = PBXFileReference; fileEncoding = 4; lastKnownFileType = sourcecode.swift; path = KeychainManagerTests.swift; sourceTree = "<group>"; };
		F2CE76B81E5090B000140C78 /* KeychainManager.swift */ = {isa = PBXFileReference; fileEncoding = 4; lastKnownFileType = sourcecode.swift; path = KeychainManager.swift; sourceTree = "<group>"; };
		F2CE76C01E50911F00140C78 /* DictionaryCreatable.swift */ = {isa = PBXFileReference; fileEncoding = 4; lastKnownFileType = sourcecode.swift; path = DictionaryCreatable.swift; sourceTree = "<group>"; };
		F2CE76C11E50911F00140C78 /* LoginUser.swift */ = {isa = PBXFileReference; fileEncoding = 4; lastKnownFileType = sourcecode.swift; path = LoginUser.swift; sourceTree = "<group>"; };
		F2CE76C21E50911F00140C78 /* Post.swift */ = {isa = PBXFileReference; fileEncoding = 4; lastKnownFileType = sourcecode.swift; path = Post.swift; sourceTree = "<group>"; };
		F2CE76CB1E50913500140C78 /* LoginUserTests.swift */ = {isa = PBXFileReference; fileEncoding = 4; lastKnownFileType = sourcecode.swift; path = LoginUserTests.swift; sourceTree = "<group>"; };
		F2CE76D01E5093BA00140C78 /* MockKeychainManager.swift */ = {isa = PBXFileReference; fileEncoding = 4; lastKnownFileType = sourcecode.swift; path = MockKeychainManager.swift; sourceTree = "<group>"; };
		F2CE76D11E5093BA00140C78 /* URLRequestStub.swift */ = {isa = PBXFileReference; fileEncoding = 4; lastKnownFileType = sourcecode.swift; path = URLRequestStub.swift; sourceTree = "<group>"; };
		F2CE76D61E53388700140C78 /* MockUserDefaults.swift */ = {isa = PBXFileReference; fileEncoding = 4; lastKnownFileType = sourcecode.swift; path = MockUserDefaults.swift; sourceTree = "<group>"; };
		F2CE76DA1E548E3A00140C78 /* PostViewController.swift */ = {isa = PBXFileReference; fileEncoding = 4; lastKnownFileType = sourcecode.swift; path = PostViewController.swift; sourceTree = "<group>"; };
		F2CE76DC1E54917000140C78 /* PostViewControllerTests.swift */ = {isa = PBXFileReference; fileEncoding = 4; lastKnownFileType = sourcecode.swift; path = PostViewControllerTests.swift; sourceTree = "<group>"; };
		F2CE76DE1E54923A00140C78 /* PostView.swift */ = {isa = PBXFileReference; fileEncoding = 4; lastKnownFileType = sourcecode.swift; path = PostView.swift; sourceTree = "<group>"; };
		F2CE76E01E54F15100140C78 /* PostViewTests.swift */ = {isa = PBXFileReference; fileEncoding = 4; lastKnownFileType = sourcecode.swift; path = PostViewTests.swift; sourceTree = "<group>"; };
		F2CE76E31E54F3A900140C78 /* Result.swift */ = {isa = PBXFileReference; fileEncoding = 4; lastKnownFileType = sourcecode.swift; path = Result.swift; sourceTree = "<group>"; };
		F2CE76E61E54F3BD00140C78 /* DDHButton.swift */ = {isa = PBXFileReference; fileEncoding = 4; lastKnownFileType = sourcecode.swift; path = DDHButton.swift; sourceTree = "<group>"; };
		F2CE76E71E54F3BD00140C78 /* DDHTextField.swift */ = {isa = PBXFileReference; fileEncoding = 4; lastKnownFileType = sourcecode.swift; path = DDHTextField.swift; sourceTree = "<group>"; };
		F2CE76E81E54F3BD00140C78 /* DDHView.swift */ = {isa = PBXFileReference; fileEncoding = 4; lastKnownFileType = sourcecode.swift; path = DDHView.swift; sourceTree = "<group>"; };
		F2CE76EC1E54F41300140C78 /* DDHTextView.swift */ = {isa = PBXFileReference; fileEncoding = 4; lastKnownFileType = sourcecode.swift; path = DDHTextView.swift; sourceTree = "<group>"; };
		F2E492621E37FF45000C7187 /* phazel.app */ = {isa = PBXFileReference; explicitFileType = wrapper.application; includeInIndex = 0; path = phazel.app; sourceTree = BUILT_PRODUCTS_DIR; };
		F2E492651E37FF45000C7187 /* AppDelegate.swift */ = {isa = PBXFileReference; lastKnownFileType = sourcecode.swift; path = AppDelegate.swift; sourceTree = "<group>"; };
		F2E4926C1E37FF45000C7187 /* Assets.xcassets */ = {isa = PBXFileReference; lastKnownFileType = folder.assetcatalog; path = Assets.xcassets; sourceTree = "<group>"; };
		F2E4926F1E37FF45000C7187 /* Base */ = {isa = PBXFileReference; lastKnownFileType = file.storyboard; name = Base; path = Base.lproj/LaunchScreen.storyboard; sourceTree = "<group>"; };
		F2E492711E37FF45000C7187 /* Info.plist */ = {isa = PBXFileReference; lastKnownFileType = text.plist.xml; path = Info.plist; sourceTree = "<group>"; };
		F2E492761E37FF46000C7187 /* phazelTests.xctest */ = {isa = PBXFileReference; explicitFileType = wrapper.cfbundle; includeInIndex = 0; path = phazelTests.xctest; sourceTree = BUILT_PRODUCTS_DIR; };
		F2E4927C1E37FF46000C7187 /* Info.plist */ = {isa = PBXFileReference; lastKnownFileType = text.plist.xml; path = Info.plist; sourceTree = "<group>"; };
		F2F25A4C1E5A362A0028C9D2 /* UIColorExtensions.swift */ = {isa = PBXFileReference; fileEncoding = 4; lastKnownFileType = sourcecode.swift; path = UIColorExtensions.swift; sourceTree = "<group>"; };
		F2F33C861E5CE20A007E53E1 /* Meta.swift */ = {isa = PBXFileReference; fileEncoding = 4; lastKnownFileType = sourcecode.swift; path = Meta.swift; sourceTree = "<group>"; };
		F2F33C881E5F7D83007E53E1 /* DDHLabel.swift */ = {isa = PBXFileReference; fileEncoding = 4; lastKnownFileType = sourcecode.swift; path = DDHLabel.swift; sourceTree = "<group>"; };
		F2F33C8A1E609811007E53E1 /* phazel.entitlements */ = {isa = PBXFileReference; lastKnownFileType = text.plist.entitlements; path = phazel.entitlements; sourceTree = "<group>"; };
		F2F33C8B1E609818007E53E1 /* Pnut.entitlements */ = {isa = PBXFileReference; lastKnownFileType = text.plist.entitlements; path = Pnut.entitlements; sourceTree = "<group>"; };
/* End PBXFileReference section */

/* Begin PBXFrameworksBuildPhase section */
		55160CD51E4B04830043A3CC /* Frameworks */ = {
			isa = PBXFrameworksBuildPhase;
			buildActionMask = 2147483647;
			files = (
				F25549DE1E61B0F400CE5D14 /* Roaster.framework in Frameworks */,
			);
			runOnlyForDeploymentPostprocessing = 0;
		};
		F23BE4051E508E300068E82F /* Frameworks */ = {
			isa = PBXFrameworksBuildPhase;
			buildActionMask = 2147483647;
			files = (
			);
			runOnlyForDeploymentPostprocessing = 0;
		};
		F23BE40E1E508E300068E82F /* Frameworks */ = {
			isa = PBXFrameworksBuildPhase;
			buildActionMask = 2147483647;
			files = (
				F23BE4121E508E300068E82F /* Roaster.framework in Frameworks */,
			);
			runOnlyForDeploymentPostprocessing = 0;
		};
		F2E4925F1E37FF45000C7187 /* Frameworks */ = {
			isa = PBXFrameworksBuildPhase;
			buildActionMask = 2147483647;
			files = (
				F23BE41E1E508E300068E82F /* Roaster.framework in Frameworks */,
			);
			runOnlyForDeploymentPostprocessing = 0;
		};
		F2E492731E37FF46000C7187 /* Frameworks */ = {
			isa = PBXFrameworksBuildPhase;
			buildActionMask = 2147483647;
			files = (
			);
			runOnlyForDeploymentPostprocessing = 0;
		};
/* End PBXFrameworksBuildPhase section */

/* Begin PBXGroup section */
		55160CD91E4B04840043A3CC /* Pnut */ = {
			isa = PBXGroup;
			children = (
				F25549DF1E61F22600CE5D14 /* Extract.js */,
				F2F33C8B1E609818007E53E1 /* Pnut.entitlements */,
				55160CDA1E4B04840043A3CC /* ShareViewController.swift */,
				55160CDC1E4B04840043A3CC /* MainInterface.storyboard */,
				55160CDF1E4B04840043A3CC /* Info.plist */,
			);
			path = Pnut;
			sourceTree = "<group>";
		};
		F23BE3A21E4683910068E82F /* Timeline */ = {
			isa = PBXGroup;
			children = (
				F23BE3A31E47050C0068E82F /* PostsCollectionViewControllerTests.swift */,
			);
			path = Timeline;
			sourceTree = "<group>";
		};
		F23BE40A1E508E300068E82F /* Roaster */ = {
			isa = PBXGroup;
			children = (
				F2CE76E21E54F3A900140C78 /* Helper */,
				F2CE76BF1E50911F00140C78 /* Model */,
				F2CE76B71E5090B000140C78 /* Keychain */,
				F23BE4271E508EA90068E82F /* Networking */,
				F23BE40B1E508E300068E82F /* Roaster.h */,
				F23BE40C1E508E300068E82F /* Info.plist */,
			);
			path = Roaster;
			sourceTree = "<group>";
		};
		F23BE4171E508E300068E82F /* RoasterTests */ = {
			isa = PBXGroup;
			children = (
				F2CE76CF1E5093BA00140C78 /* Mocks */,
				F2CE76CA1E50913500140C78 /* Model */,
				F2CE76B41E50909D00140C78 /* Keychain */,
				F23BE42E1E508EB50068E82F /* Networking */,
				F23BE41A1E508E300068E82F /* Info.plist */,
				F25549E11E63027100CE5D14 /* DDHTestCase.swift */,
			);
			path = RoasterTests;
			sourceTree = "<group>";
		};
		F23BE4271E508EA90068E82F /* Networking */ = {
			isa = PBXGroup;
			children = (
				F23BE4281E508EA90068E82F /* APIClient.swift */,
				F23BE42A1E508EA90068E82F /* URLCreator.swift */,
			);
			path = Networking;
			sourceTree = "<group>";
		};
		F23BE42E1E508EB50068E82F /* Networking */ = {
			isa = PBXGroup;
			children = (
				F23BE42F1E508EB50068E82F /* APIClientTests.swift */,
				554DC7041E66F30B009AE752 /* PostsResponse.json */,
				F23BE4301E508EB50068E82F /* URLCreatorTests.swift */,
			);
			path = Networking;
			sourceTree = "<group>";
		};
		F2425A4E1E43D8D2001B7E46 /* Extensions */ = {
			isa = PBXGroup;
			children = (
				F2425A4F1E43D8EB001B7E46 /* UIWindowExtensions.swift */,
			);
			path = Extensions;
			sourceTree = "<group>";
		};
		F2C12AA31E3BED240056155C /* Login */ = {
			isa = PBXGroup;
			children = (
				F2C12AA51E3BEFE60056155C /* LoginViewTests.swift */,
				F2425A4A1E3FD263001B7E46 /* LoginViewControllerTests.swift */,
				55BB810F1E41CD64008C58CD /* LoginCoordinatorTests.swift */,
			);
			path = Login;
			sourceTree = "<group>";
		};
		F2C12AA41E3BED580056155C /* Login */ = {
			isa = PBXGroup;
			children = (
				F28D2E421E3C80C000DB692B /* LoginView.swift */,
				F2425A4C1E3FD31E001B7E46 /* LoginViewController.swift */,
				55BB81381E423F6D008C58CD /* LoginCoordinator.swift */,
			);
			path = Login;
			sourceTree = "<group>";
		};
		F2CE76B41E50909D00140C78 /* Keychain */ = {
			isa = PBXGroup;
			children = (
				F2CE76B51E50909D00140C78 /* KeychainManagerTests.swift */,
			);
			path = Keychain;
			sourceTree = "<group>";
		};
		F2CE76B71E5090B000140C78 /* Keychain */ = {
			isa = PBXGroup;
			children = (
				F2CE76B81E5090B000140C78 /* KeychainManager.swift */,
			);
			path = Keychain;
			sourceTree = "<group>";
		};
		F2CE76BF1E50911F00140C78 /* Model */ = {
			isa = PBXGroup;
			children = (
				F2CE76C01E50911F00140C78 /* DictionaryCreatable.swift */,
				F2CE76C11E50911F00140C78 /* LoginUser.swift */,
				F2CE76C21E50911F00140C78 /* Post.swift */,
				554DC7061E672A92009AE752 /* Source.swift */,
				F25549E31E676BCD00CE5D14 /* User.swift */,
				F2F33C861E5CE20A007E53E1 /* Meta.swift */,
			);
			path = Model;
			sourceTree = "<group>";
		};
		F2CE76CA1E50913500140C78 /* Model */ = {
			isa = PBXGroup;
			children = (
				F2CE76CB1E50913500140C78 /* LoginUserTests.swift */,
			);
			path = Model;
			sourceTree = "<group>";
		};
		F2CE76CF1E5093BA00140C78 /* Mocks */ = {
			isa = PBXGroup;
			children = (
				F2CE76D01E5093BA00140C78 /* MockKeychainManager.swift */,
				F2CE76D11E5093BA00140C78 /* URLRequestStub.swift */,
				F2CE76D61E53388700140C78 /* MockUserDefaults.swift */,
			);
			path = Mocks;
			sourceTree = "<group>";
		};
		F2CE76D81E548DE000140C78 /* Posting */ = {
			isa = PBXGroup;
			children = (
				F2CE76DE1E54923A00140C78 /* PostView.swift */,
				F2CE76DA1E548E3A00140C78 /* PostViewController.swift */,
				F25C6FEB1E5738220005B688 /* PostCoordinator.swift */,
			);
			path = Posting;
			sourceTree = "<group>";
		};
		F2CE76D91E548E0800140C78 /* Posting */ = {
			isa = PBXGroup;
			children = (
				F2CE76E01E54F15100140C78 /* PostViewTests.swift */,
				F2CE76DC1E54917000140C78 /* PostViewControllerTests.swift */,
				F25C6FED1E5738800005B688 /* PostCoordinatorTests.swift */,
			);
			path = Posting;
			sourceTree = "<group>";
		};
		F2CE76E21E54F3A900140C78 /* Helper */ = {
			isa = PBXGroup;
			children = (
				F2CE76E31E54F3A900140C78 /* Result.swift */,
			);
			path = Helper;
			sourceTree = "<group>";
		};
		F2CE76E51E54F3BD00140C78 /* Foundation */ = {
			isa = PBXGroup;
			children = (
				F2CE76E61E54F3BD00140C78 /* DDHButton.swift */,
				F2CE76E71E54F3BD00140C78 /* DDHTextField.swift */,
				F2CE76E81E54F3BD00140C78 /* DDHView.swift */,
				F2CE76EC1E54F41300140C78 /* DDHTextView.swift */,
				F2F33C881E5F7D83007E53E1 /* DDHLabel.swift */,
			);
			path = Foundation;
			sourceTree = "<group>";
		};
		F2E492591E37FF45000C7187 = {
			isa = PBXGroup;
			children = (
				F2E492641E37FF45000C7187 /* phazel */,
				F2E492791E37FF46000C7187 /* phazelTests */,
				55160CD91E4B04840043A3CC /* Pnut */,
				F23BE40A1E508E300068E82F /* Roaster */,
				F23BE4171E508E300068E82F /* RoasterTests */,
				F2E492631E37FF45000C7187 /* Products */,
			);
			sourceTree = "<group>";
		};
		F2E492631E37FF45000C7187 /* Products */ = {
			isa = PBXGroup;
			children = (
				F2E492621E37FF45000C7187 /* phazel.app */,
				F2E492761E37FF46000C7187 /* phazelTests.xctest */,
				55160CD81E4B04830043A3CC /* Pnut.appex */,
				F23BE4091E508E300068E82F /* Roaster.framework */,
				F23BE4111E508E300068E82F /* RoasterTests.xctest */,
			);
			name = Products;
			sourceTree = "<group>";
		};
		F2E492641E37FF45000C7187 /* phazel */ = {
			isa = PBXGroup;
			children = (
				F2F33C8A1E609811007E53E1 /* phazel.entitlements */,
				557AA7891E5DEABE0089E2DB /* secrets.json */,
				F2E492651E37FF45000C7187 /* AppDelegate.swift */,
				F2425A511E44E4FF001B7E46 /* MainCoordinator.swift */,
				F2F25A4B1E5A35FC0028C9D2 /* Settings */,
				F2CE76E51E54F3BD00140C78 /* Foundation */,
				F2425A4E1E43D8D2001B7E46 /* Extensions */,
				F2C12AA41E3BED580056155C /* Login */,
				F2CE76D81E548DE000140C78 /* Posting */,
				F2E4926C1E37FF45000C7187 /* Assets.xcassets */,
				F2E4926E1E37FF45000C7187 /* LaunchScreen.storyboard */,
				F2E492711E37FF45000C7187 /* Info.plist */,
			);
			path = phazel;
			sourceTree = "<group>";
		};
		F2E492791E37FF46000C7187 /* phazelTests */ = {
			isa = PBXGroup;
			children = (
				F25C6FEF1E5893BC0005B688 /* AppDelegateTests.swift */,
				F2425A531E452ACB001B7E46 /* MainCoordinatorTests.swift */,
				F2C12AA31E3BED240056155C /* Login */,
				F23BE3A21E4683910068E82F /* Timeline */,
				F2CE76D91E548E0800140C78 /* Posting */,
				F2E4927C1E37FF46000C7187 /* Info.plist */,
			);
			path = phazelTests;
			sourceTree = "<group>";
		};
		F2F25A4B1E5A35FC0028C9D2 /* Settings */ = {
			isa = PBXGroup;
			children = (
				F2F25A4C1E5A362A0028C9D2 /* UIColorExtensions.swift */,
			);
			path = Settings;
			sourceTree = "<group>";
		};
/* End PBXGroup section */

/* Begin PBXHeadersBuildPhase section */
		F23BE4061E508E300068E82F /* Headers */ = {
			isa = PBXHeadersBuildPhase;
			buildActionMask = 2147483647;
			files = (
				F23BE41B1E508E300068E82F /* Roaster.h in Headers */,
			);
			runOnlyForDeploymentPostprocessing = 0;
		};
/* End PBXHeadersBuildPhase section */

/* Begin PBXNativeTarget section */
		55160CD71E4B04830043A3CC /* Pnut */ = {
			isa = PBXNativeTarget;
			buildConfigurationList = 55160CE51E4B04840043A3CC /* Build configuration list for PBXNativeTarget "Pnut" */;
			buildPhases = (
				55160CD41E4B04830043A3CC /* Sources */,
				55160CD51E4B04830043A3CC /* Frameworks */,
				55160CD61E4B04830043A3CC /* Resources */,
			);
			buildRules = (
			);
			dependencies = (
			);
			name = Pnut;
			productName = Pnut;
			productReference = 55160CD81E4B04830043A3CC /* Pnut.appex */;
			productType = "com.apple.product-type.app-extension";
		};
		F23BE4081E508E300068E82F /* Roaster */ = {
			isa = PBXNativeTarget;
			buildConfigurationList = F23BE4241E508E300068E82F /* Build configuration list for PBXNativeTarget "Roaster" */;
			buildPhases = (
				F23BE4041E508E300068E82F /* Sources */,
				F23BE4051E508E300068E82F /* Frameworks */,
				F23BE4061E508E300068E82F /* Headers */,
				F23BE4071E508E300068E82F /* Resources */,
			);
			buildRules = (
			);
			dependencies = (
			);
			name = Roaster;
			productName = Roaster;
			productReference = F23BE4091E508E300068E82F /* Roaster.framework */;
			productType = "com.apple.product-type.framework";
		};
		F23BE4101E508E300068E82F /* RoasterTests */ = {
			isa = PBXNativeTarget;
			buildConfigurationList = F23BE4261E508E300068E82F /* Build configuration list for PBXNativeTarget "RoasterTests" */;
			buildPhases = (
				F23BE40D1E508E300068E82F /* Sources */,
				F23BE40E1E508E300068E82F /* Frameworks */,
				F23BE40F1E508E300068E82F /* Resources */,
			);
			buildRules = (
			);
			dependencies = (
				F23BE4141E508E300068E82F /* PBXTargetDependency */,
				F23BE4161E508E300068E82F /* PBXTargetDependency */,
			);
			name = RoasterTests;
			productName = RoasterTests;
			productReference = F23BE4111E508E300068E82F /* RoasterTests.xctest */;
			productType = "com.apple.product-type.bundle.unit-test";
		};
		F2E492611E37FF45000C7187 /* phazel */ = {
			isa = PBXNativeTarget;
			buildConfigurationList = F2E4927F1E37FF46000C7187 /* Build configuration list for PBXNativeTarget "phazel" */;
			buildPhases = (
				F2E4925E1E37FF45000C7187 /* Sources */,
				F2E4925F1E37FF45000C7187 /* Frameworks */,
				F2E492601E37FF45000C7187 /* Resources */,
				55160CE61E4B04840043A3CC /* Embed App Extensions */,
				F23BE4251E508E300068E82F /* Embed Frameworks */,
			);
			buildRules = (
			);
			dependencies = (
				55160CE11E4B04840043A3CC /* PBXTargetDependency */,
				F23BE41D1E508E300068E82F /* PBXTargetDependency */,
			);
			name = phazel;
			productName = phazel;
			productReference = F2E492621E37FF45000C7187 /* phazel.app */;
			productType = "com.apple.product-type.application";
		};
		F2E492751E37FF46000C7187 /* phazelTests */ = {
			isa = PBXNativeTarget;
			buildConfigurationList = F2E492821E37FF46000C7187 /* Build configuration list for PBXNativeTarget "phazelTests" */;
			buildPhases = (
				F2E492721E37FF46000C7187 /* Sources */,
				F2E492731E37FF46000C7187 /* Frameworks */,
				F2E492741E37FF46000C7187 /* Resources */,
			);
			buildRules = (
			);
			dependencies = (
				F2E492781E37FF46000C7187 /* PBXTargetDependency */,
			);
			name = phazelTests;
			productName = phazelTests;
			productReference = F2E492761E37FF46000C7187 /* phazelTests.xctest */;
			productType = "com.apple.product-type.bundle.unit-test";
		};
/* End PBXNativeTarget section */

/* Begin PBXProject section */
		F2E4925A1E37FF45000C7187 /* Project object */ = {
			isa = PBXProject;
			attributes = {
				LastSwiftUpdateCheck = 0820;
				LastUpgradeCheck = 0820;
				ORGANIZATIONNAME = dasdom;
				TargetAttributes = {
					55160CD71E4B04830043A3CC = {
						CreatedOnToolsVersion = 8.2.1;
						DevelopmentTeam = Q6PD97MRX4;
						ProvisioningStyle = Automatic;
						SystemCapabilities = {
							com.apple.ApplicationGroups.iOS = {
								enabled = 1;
							};
							com.apple.Keychain = {
								enabled = 1;
							};
						};
					};
					F23BE4081E508E300068E82F = {
						CreatedOnToolsVersion = 8.2.1;
						DevelopmentTeam = Q6PD97MRX4;
						ProvisioningStyle = Automatic;
					};
					F23BE4101E508E300068E82F = {
						CreatedOnToolsVersion = 8.2.1;
						DevelopmentTeam = Q6PD97MRX4;
						ProvisioningStyle = Automatic;
						TestTargetID = F2E492611E37FF45000C7187;
					};
					F2E492611E37FF45000C7187 = {
						CreatedOnToolsVersion = 8.2.1;
						DevelopmentTeam = Q6PD97MRX4;
						ProvisioningStyle = Automatic;
						SystemCapabilities = {
							com.apple.ApplicationGroups.iOS = {
								enabled = 1;
							};
							com.apple.Keychain = {
								enabled = 1;
							};
						};
					};
					F2E492751E37FF46000C7187 = {
						CreatedOnToolsVersion = 8.2.1;
						DevelopmentTeam = Q6PD97MRX4;
						ProvisioningStyle = Automatic;
						TestTargetID = F2E492611E37FF45000C7187;
					};
				};
			};
			buildConfigurationList = F2E4925D1E37FF45000C7187 /* Build configuration list for PBXProject "phazel" */;
			compatibilityVersion = "Xcode 3.2";
			developmentRegion = English;
			hasScannedForEncodings = 0;
			knownRegions = (
				en,
				Base,
			);
			mainGroup = F2E492591E37FF45000C7187;
			productRefGroup = F2E492631E37FF45000C7187 /* Products */;
			projectDirPath = "";
			projectRoot = "";
			targets = (
				F2E492611E37FF45000C7187 /* phazel */,
				F2E492751E37FF46000C7187 /* phazelTests */,
				55160CD71E4B04830043A3CC /* Pnut */,
				F23BE4081E508E300068E82F /* Roaster */,
				F23BE4101E508E300068E82F /* RoasterTests */,
			);
		};
/* End PBXProject section */

/* Begin PBXResourcesBuildPhase section */
		55160CD61E4B04830043A3CC /* Resources */ = {
			isa = PBXResourcesBuildPhase;
			buildActionMask = 2147483647;
			files = (
				F25549E01E61F22600CE5D14 /* Extract.js in Resources */,
				55160CDE1E4B04840043A3CC /* MainInterface.storyboard in Resources */,
			);
			runOnlyForDeploymentPostprocessing = 0;
		};
		F23BE4071E508E300068E82F /* Resources */ = {
			isa = PBXResourcesBuildPhase;
			buildActionMask = 2147483647;
			files = (
			);
			runOnlyForDeploymentPostprocessing = 0;
		};
		F23BE40F1E508E300068E82F /* Resources */ = {
			isa = PBXResourcesBuildPhase;
			buildActionMask = 2147483647;
			files = (
				554DC7051E66F30B009AE752 /* PostsResponse.json in Resources */,
			);
			runOnlyForDeploymentPostprocessing = 0;
		};
		F2E492601E37FF45000C7187 /* Resources */ = {
			isa = PBXResourcesBuildPhase;
			buildActionMask = 2147483647;
			files = (
				557AA78A1E5DEABE0089E2DB /* secrets.json in Resources */,
				F2E492701E37FF45000C7187 /* LaunchScreen.storyboard in Resources */,
				F2E4926D1E37FF45000C7187 /* Assets.xcassets in Resources */,
			);
			runOnlyForDeploymentPostprocessing = 0;
		};
		F2E492741E37FF46000C7187 /* Resources */ = {
			isa = PBXResourcesBuildPhase;
			buildActionMask = 2147483647;
			files = (
			);
			runOnlyForDeploymentPostprocessing = 0;
		};
/* End PBXResourcesBuildPhase section */

/* Begin PBXSourcesBuildPhase section */
		55160CD41E4B04830043A3CC /* Sources */ = {
			isa = PBXSourcesBuildPhase;
			buildActionMask = 2147483647;
			files = (
				55160CDB1E4B04840043A3CC /* ShareViewController.swift in Sources */,
			);
			runOnlyForDeploymentPostprocessing = 0;
		};
		F23BE4041E508E300068E82F /* Sources */ = {
			isa = PBXSourcesBuildPhase;
			buildActionMask = 2147483647;
			files = (
				F23BE42D1E508EA90068E82F /* URLCreator.swift in Sources */,
				F2CE76B91E5090B000140C78 /* KeychainManager.swift in Sources */,
				F2CE76C81E50911F00140C78 /* LoginUser.swift in Sources */,
				F2CE76C71E50911F00140C78 /* DictionaryCreatable.swift in Sources */,
				F2F33C871E5CE20A007E53E1 /* Meta.swift in Sources */,
				554DC7071E672A92009AE752 /* Source.swift in Sources */,
				F2CE76E41E54F3A900140C78 /* Result.swift in Sources */,
				F23BE42B1E508EA90068E82F /* APIClient.swift in Sources */,
				F25549E41E676BCD00CE5D14 /* User.swift in Sources */,
				F2CE76C91E50911F00140C78 /* Post.swift in Sources */,
			);
			runOnlyForDeploymentPostprocessing = 0;
		};
		F23BE40D1E508E300068E82F /* Sources */ = {
			isa = PBXSourcesBuildPhase;
			buildActionMask = 2147483647;
			files = (
				F25549E21E63027100CE5D14 /* DDHTestCase.swift in Sources */,
				F2CE76CC1E50913500140C78 /* LoginUserTests.swift in Sources */,
				F2CE76D21E5093BA00140C78 /* MockKeychainManager.swift in Sources */,
				F23BE4321E508EB50068E82F /* URLCreatorTests.swift in Sources */,
				F2CE76D31E5093BA00140C78 /* URLRequestStub.swift in Sources */,
				F23BE4311E508EB50068E82F /* APIClientTests.swift in Sources */,
				F2CE76D71E53388700140C78 /* MockUserDefaults.swift in Sources */,
				F2CE76B61E50909D00140C78 /* KeychainManagerTests.swift in Sources */,
			);
			runOnlyForDeploymentPostprocessing = 0;
		};
		F2E4925E1E37FF45000C7187 /* Sources */ = {
			isa = PBXSourcesBuildPhase;
			buildActionMask = 2147483647;
			files = (
				F2CE76EB1E54F3BD00140C78 /* DDHView.swift in Sources */,
				F2F25A4D1E5A362A0028C9D2 /* UIColorExtensions.swift in Sources */,
				F2F33C891E5F7D83007E53E1 /* DDHLabel.swift in Sources */,
				F2425A521E44E4FF001B7E46 /* MainCoordinator.swift in Sources */,
				F25C6FEC1E5738220005B688 /* PostCoordinator.swift in Sources */,
				F2425A501E43D8EB001B7E46 /* UIWindowExtensions.swift in Sources */,
				F2CE76DF1E54923A00140C78 /* PostView.swift in Sources */,
				F2CE76ED1E54F41300140C78 /* DDHTextView.swift in Sources */,
				F2CE76DB1E548E3A00140C78 /* PostViewController.swift in Sources */,
				F2CE76EA1E54F3BD00140C78 /* DDHTextField.swift in Sources */,
				F2CE76E91E54F3BD00140C78 /* DDHButton.swift in Sources */,
				F2E492661E37FF45000C7187 /* AppDelegate.swift in Sources */,
				55BB81391E423F6D008C58CD /* LoginCoordinator.swift in Sources */,
				F28D2E431E3C80C000DB692B /* LoginView.swift in Sources */,
				F2425A4D1E3FD31E001B7E46 /* LoginViewController.swift in Sources */,
			);
			runOnlyForDeploymentPostprocessing = 0;
		};
		F2E492721E37FF46000C7187 /* Sources */ = {
			isa = PBXSourcesBuildPhase;
			buildActionMask = 2147483647;
			files = (
				F23BE3A41E47050C0068E82F /* PostsCollectionViewControllerTests.swift in Sources */,
				F25C6FF01E5893BC0005B688 /* AppDelegateTests.swift in Sources */,
				F2C12AA61E3BEFE60056155C /* LoginViewTests.swift in Sources */,
				F25C6FEE1E5738800005B688 /* PostCoordinatorTests.swift in Sources */,
				F2CE76DD1E54917000140C78 /* PostViewControllerTests.swift in Sources */,
				F2425A541E452ACB001B7E46 /* MainCoordinatorTests.swift in Sources */,
				F2425A4B1E3FD263001B7E46 /* LoginViewControllerTests.swift in Sources */,
				F2CE76E11E54F15100140C78 /* PostViewTests.swift in Sources */,
				55BB81101E41CD64008C58CD /* LoginCoordinatorTests.swift in Sources */,
			);
			runOnlyForDeploymentPostprocessing = 0;
		};
/* End PBXSourcesBuildPhase section */

/* Begin PBXTargetDependency section */
		55160CE11E4B04840043A3CC /* PBXTargetDependency */ = {
			isa = PBXTargetDependency;
			target = 55160CD71E4B04830043A3CC /* Pnut */;
			targetProxy = 55160CE01E4B04840043A3CC /* PBXContainerItemProxy */;
		};
		F23BE4141E508E300068E82F /* PBXTargetDependency */ = {
			isa = PBXTargetDependency;
			target = F23BE4081E508E300068E82F /* Roaster */;
			targetProxy = F23BE4131E508E300068E82F /* PBXContainerItemProxy */;
		};
		F23BE4161E508E300068E82F /* PBXTargetDependency */ = {
			isa = PBXTargetDependency;
			target = F2E492611E37FF45000C7187 /* phazel */;
			targetProxy = F23BE4151E508E300068E82F /* PBXContainerItemProxy */;
		};
		F23BE41D1E508E300068E82F /* PBXTargetDependency */ = {
			isa = PBXTargetDependency;
			target = F23BE4081E508E300068E82F /* Roaster */;
			targetProxy = F23BE41C1E508E300068E82F /* PBXContainerItemProxy */;
		};
		F2E492781E37FF46000C7187 /* PBXTargetDependency */ = {
			isa = PBXTargetDependency;
			target = F2E492611E37FF45000C7187 /* phazel */;
			targetProxy = F2E492771E37FF46000C7187 /* PBXContainerItemProxy */;
		};
/* End PBXTargetDependency section */

/* Begin PBXVariantGroup section */
		55160CDC1E4B04840043A3CC /* MainInterface.storyboard */ = {
			isa = PBXVariantGroup;
			children = (
				55160CDD1E4B04840043A3CC /* Base */,
			);
			name = MainInterface.storyboard;
			sourceTree = "<group>";
		};
		F2E4926E1E37FF45000C7187 /* LaunchScreen.storyboard */ = {
			isa = PBXVariantGroup;
			children = (
				F2E4926F1E37FF45000C7187 /* Base */,
			);
			name = LaunchScreen.storyboard;
			sourceTree = "<group>";
		};
/* End PBXVariantGroup section */

/* Begin XCBuildConfiguration section */
		55160CE31E4B04840043A3CC /* Debug */ = {
			isa = XCBuildConfiguration;
			buildSettings = {
				CODE_SIGN_ENTITLEMENTS = Pnut/Pnut.entitlements;
				DEVELOPMENT_TEAM = Q6PD97MRX4;
				INFOPLIST_FILE = Pnut/Info.plist;
				IPHONEOS_DEPLOYMENT_TARGET = 10.2;
				LD_RUNPATH_SEARCH_PATHS = "$(inherited) @executable_path/Frameworks @executable_path/../../Frameworks";
				PRODUCT_BUNDLE_IDENTIFIER = com.swiftandpainless.phazel.Pnut;
				PRODUCT_NAME = "$(TARGET_NAME)";
				SKIP_INSTALL = YES;
				SWIFT_VERSION = 3.0;
			};
			name = Debug;
		};
		55160CE41E4B04840043A3CC /* Release */ = {
			isa = XCBuildConfiguration;
			buildSettings = {
				CODE_SIGN_ENTITLEMENTS = Pnut/Pnut.entitlements;
				DEVELOPMENT_TEAM = Q6PD97MRX4;
				INFOPLIST_FILE = Pnut/Info.plist;
				IPHONEOS_DEPLOYMENT_TARGET = 10.2;
				LD_RUNPATH_SEARCH_PATHS = "$(inherited) @executable_path/Frameworks @executable_path/../../Frameworks";
				PRODUCT_BUNDLE_IDENTIFIER = com.swiftandpainless.phazel.Pnut;
				PRODUCT_NAME = "$(TARGET_NAME)";
				SKIP_INSTALL = YES;
				SWIFT_VERSION = 3.0;
			};
			name = Release;
		};
		F23BE4201E508E300068E82F /* Debug */ = {
			isa = XCBuildConfiguration;
			buildSettings = {
				APPLICATION_EXTENSION_API_ONLY = YES;
				CODE_SIGN_IDENTITY = "";
				CURRENT_PROJECT_VERSION = 1;
				DEFINES_MODULE = YES;
				DEVELOPMENT_TEAM = Q6PD97MRX4;
				DYLIB_COMPATIBILITY_VERSION = 1;
				DYLIB_CURRENT_VERSION = 1;
				DYLIB_INSTALL_NAME_BASE = "@rpath";
				INFOPLIST_FILE = Roaster/Info.plist;
				INSTALL_PATH = "$(LOCAL_LIBRARY_DIR)/Frameworks";
				IPHONEOS_DEPLOYMENT_TARGET = 10.2;
				LD_RUNPATH_SEARCH_PATHS = "$(inherited) @executable_path/Frameworks @loader_path/Frameworks";
				PRODUCT_BUNDLE_IDENTIFIER = com.swiftandpainless.Roaster;
				PRODUCT_NAME = "$(TARGET_NAME)";
				SKIP_INSTALL = YES;
				SWIFT_INSTALL_OBJC_HEADER = NO;
				SWIFT_OBJC_INTERFACE_HEADER_NAME = "";
				SWIFT_VERSION = 3.0;
				TARGETED_DEVICE_FAMILY = "1,2";
				VERSIONING_SYSTEM = "apple-generic";
				VERSION_INFO_PREFIX = "";
			};
			name = Debug;
		};
		F23BE4211E508E300068E82F /* Release */ = {
			isa = XCBuildConfiguration;
			buildSettings = {
				APPLICATION_EXTENSION_API_ONLY = YES;
				CODE_SIGN_IDENTITY = "";
				CURRENT_PROJECT_VERSION = 1;
				DEFINES_MODULE = YES;
				DEVELOPMENT_TEAM = Q6PD97MRX4;
				DYLIB_COMPATIBILITY_VERSION = 1;
				DYLIB_CURRENT_VERSION = 1;
				DYLIB_INSTALL_NAME_BASE = "@rpath";
				INFOPLIST_FILE = Roaster/Info.plist;
				INSTALL_PATH = "$(LOCAL_LIBRARY_DIR)/Frameworks";
				IPHONEOS_DEPLOYMENT_TARGET = 10.2;
				LD_RUNPATH_SEARCH_PATHS = "$(inherited) @executable_path/Frameworks @loader_path/Frameworks";
				PRODUCT_BUNDLE_IDENTIFIER = com.swiftandpainless.Roaster;
				PRODUCT_NAME = "$(TARGET_NAME)";
				SKIP_INSTALL = YES;
				SWIFT_INSTALL_OBJC_HEADER = NO;
				SWIFT_OBJC_INTERFACE_HEADER_NAME = "";
				SWIFT_VERSION = 3.0;
				TARGETED_DEVICE_FAMILY = "1,2";
				VERSIONING_SYSTEM = "apple-generic";
				VERSION_INFO_PREFIX = "";
			};
			name = Release;
		};
		F23BE4221E508E300068E82F /* Debug */ = {
			isa = XCBuildConfiguration;
			buildSettings = {
				ALWAYS_EMBED_SWIFT_STANDARD_LIBRARIES = YES;
				DEVELOPMENT_TEAM = Q6PD97MRX4;
				INFOPLIST_FILE = RoasterTests/Info.plist;
				LD_RUNPATH_SEARCH_PATHS = "$(inherited) @executable_path/Frameworks @loader_path/Frameworks";
				PRODUCT_BUNDLE_IDENTIFIER = com.swiftandpainless.RoasterTests;
				PRODUCT_NAME = "$(TARGET_NAME)";
				SWIFT_VERSION = 3.0;
				TEST_HOST = "$(BUILT_PRODUCTS_DIR)/phazel.app/phazel";
			};
			name = Debug;
		};
		F23BE4231E508E300068E82F /* Release */ = {
			isa = XCBuildConfiguration;
			buildSettings = {
				ALWAYS_EMBED_SWIFT_STANDARD_LIBRARIES = YES;
				DEVELOPMENT_TEAM = Q6PD97MRX4;
				INFOPLIST_FILE = RoasterTests/Info.plist;
				LD_RUNPATH_SEARCH_PATHS = "$(inherited) @executable_path/Frameworks @loader_path/Frameworks";
				PRODUCT_BUNDLE_IDENTIFIER = com.swiftandpainless.RoasterTests;
				PRODUCT_NAME = "$(TARGET_NAME)";
				SWIFT_VERSION = 3.0;
				TEST_HOST = "$(BUILT_PRODUCTS_DIR)/phazel.app/phazel";
			};
			name = Release;
		};
		F2E4927D1E37FF46000C7187 /* Debug */ = {
			isa = XCBuildConfiguration;
			buildSettings = {
				ALWAYS_SEARCH_USER_PATHS = NO;
				CLANG_ANALYZER_NONNULL = YES;
				CLANG_CXX_LANGUAGE_STANDARD = "gnu++0x";
				CLANG_CXX_LIBRARY = "libc++";
				CLANG_ENABLE_MODULES = YES;
				CLANG_ENABLE_OBJC_ARC = YES;
				CLANG_WARN_BOOL_CONVERSION = YES;
				CLANG_WARN_CONSTANT_CONVERSION = YES;
				CLANG_WARN_DIRECT_OBJC_ISA_USAGE = YES_ERROR;
				CLANG_WARN_DOCUMENTATION_COMMENTS = YES;
				CLANG_WARN_EMPTY_BODY = YES;
				CLANG_WARN_ENUM_CONVERSION = YES;
				CLANG_WARN_INFINITE_RECURSION = YES;
				CLANG_WARN_INT_CONVERSION = YES;
				CLANG_WARN_OBJC_ROOT_CLASS = YES_ERROR;
				CLANG_WARN_SUSPICIOUS_MOVE = YES;
				CLANG_WARN_UNREACHABLE_CODE = YES;
				CLANG_WARN__DUPLICATE_METHOD_MATCH = YES;
				"CODE_SIGN_IDENTITY[sdk=iphoneos*]" = "iPhone Developer";
				COPY_PHASE_STRIP = NO;
				DEBUG_INFORMATION_FORMAT = dwarf;
				ENABLE_STRICT_OBJC_MSGSEND = YES;
				ENABLE_TESTABILITY = YES;
				GCC_C_LANGUAGE_STANDARD = gnu99;
				GCC_DYNAMIC_NO_PIC = NO;
				GCC_NO_COMMON_BLOCKS = YES;
				GCC_OPTIMIZATION_LEVEL = 0;
				GCC_PREPROCESSOR_DEFINITIONS = (
					"DEBUG=1",
					"$(inherited)",
				);
				GCC_WARN_64_TO_32_BIT_CONVERSION = YES;
				GCC_WARN_ABOUT_RETURN_TYPE = YES_ERROR;
				GCC_WARN_UNDECLARED_SELECTOR = YES;
				GCC_WARN_UNINITIALIZED_AUTOS = YES_AGGRESSIVE;
				GCC_WARN_UNUSED_FUNCTION = YES;
				GCC_WARN_UNUSED_VARIABLE = YES;
				IPHONEOS_DEPLOYMENT_TARGET = 10.2;
				MTL_ENABLE_DEBUG_INFO = YES;
				ONLY_ACTIVE_ARCH = YES;
				SDKROOT = iphoneos;
				SWIFT_ACTIVE_COMPILATION_CONDITIONS = DEBUG;
				SWIFT_OPTIMIZATION_LEVEL = "-Onone";
			};
			name = Debug;
		};
		F2E4927E1E37FF46000C7187 /* Release */ = {
			isa = XCBuildConfiguration;
			buildSettings = {
				ALWAYS_SEARCH_USER_PATHS = NO;
				CLANG_ANALYZER_NONNULL = YES;
				CLANG_CXX_LANGUAGE_STANDARD = "gnu++0x";
				CLANG_CXX_LIBRARY = "libc++";
				CLANG_ENABLE_MODULES = YES;
				CLANG_ENABLE_OBJC_ARC = YES;
				CLANG_WARN_BOOL_CONVERSION = YES;
				CLANG_WARN_CONSTANT_CONVERSION = YES;
				CLANG_WARN_DIRECT_OBJC_ISA_USAGE = YES_ERROR;
				CLANG_WARN_DOCUMENTATION_COMMENTS = YES;
				CLANG_WARN_EMPTY_BODY = YES;
				CLANG_WARN_ENUM_CONVERSION = YES;
				CLANG_WARN_INFINITE_RECURSION = YES;
				CLANG_WARN_INT_CONVERSION = YES;
				CLANG_WARN_OBJC_ROOT_CLASS = YES_ERROR;
				CLANG_WARN_SUSPICIOUS_MOVE = YES;
				CLANG_WARN_UNREACHABLE_CODE = YES;
				CLANG_WARN__DUPLICATE_METHOD_MATCH = YES;
				"CODE_SIGN_IDENTITY[sdk=iphoneos*]" = "iPhone Developer";
				COPY_PHASE_STRIP = NO;
				DEBUG_INFORMATION_FORMAT = "dwarf-with-dsym";
				ENABLE_NS_ASSERTIONS = NO;
				ENABLE_STRICT_OBJC_MSGSEND = YES;
				GCC_C_LANGUAGE_STANDARD = gnu99;
				GCC_NO_COMMON_BLOCKS = YES;
				GCC_WARN_64_TO_32_BIT_CONVERSION = YES;
				GCC_WARN_ABOUT_RETURN_TYPE = YES_ERROR;
				GCC_WARN_UNDECLARED_SELECTOR = YES;
				GCC_WARN_UNINITIALIZED_AUTOS = YES_AGGRESSIVE;
				GCC_WARN_UNUSED_FUNCTION = YES;
				GCC_WARN_UNUSED_VARIABLE = YES;
				IPHONEOS_DEPLOYMENT_TARGET = 10.2;
				MTL_ENABLE_DEBUG_INFO = NO;
				SDKROOT = iphoneos;
				SWIFT_OPTIMIZATION_LEVEL = "-Owholemodule";
				VALIDATE_PRODUCT = YES;
			};
			name = Release;
		};
		F2E492801E37FF46000C7187 /* Debug */ = {
			isa = XCBuildConfiguration;
			buildSettings = {
				ALWAYS_EMBED_SWIFT_STANDARD_LIBRARIES = YES;
				ASSETCATALOG_COMPILER_APPICON_NAME = AppIcon;
				CODE_SIGN_ENTITLEMENTS = phazel/phazel.entitlements;
				DEVELOPMENT_TEAM = Q6PD97MRX4;
				GCC_TREAT_WARNINGS_AS_ERRORS = YES;
				INFOPLIST_FILE = phazel/Info.plist;
				IPHONEOS_DEPLOYMENT_TARGET = 10.2;
				LD_RUNPATH_SEARCH_PATHS = "$(inherited) @executable_path/Frameworks";
				PRODUCT_BUNDLE_IDENTIFIER = com.swiftandpainless.phazel;
				PRODUCT_NAME = "$(TARGET_NAME)";
				SWIFT_VERSION = 3.0;
			};
			name = Debug;
		};
		F2E492811E37FF46000C7187 /* Release */ = {
			isa = XCBuildConfiguration;
			buildSettings = {
				ALWAYS_EMBED_SWIFT_STANDARD_LIBRARIES = YES;
				ASSETCATALOG_COMPILER_APPICON_NAME = AppIcon;
				CODE_SIGN_ENTITLEMENTS = phazel/phazel.entitlements;
				DEVELOPMENT_TEAM = Q6PD97MRX4;
				GCC_TREAT_WARNINGS_AS_ERRORS = YES;
				INFOPLIST_FILE = phazel/Info.plist;
				IPHONEOS_DEPLOYMENT_TARGET = 10.2;
				LD_RUNPATH_SEARCH_PATHS = "$(inherited) @executable_path/Frameworks";
				PRODUCT_BUNDLE_IDENTIFIER = com.swiftandpainless.phazel;
				PRODUCT_NAME = "$(TARGET_NAME)";
				SWIFT_VERSION = 3.0;
			};
			name = Release;
		};
		F2E492831E37FF46000C7187 /* Debug */ = {
			isa = XCBuildConfiguration;
			buildSettings = {
				ALWAYS_EMBED_SWIFT_STANDARD_LIBRARIES = YES;
				BUNDLE_LOADER = "$(TEST_HOST)";
				DEVELOPMENT_TEAM = Q6PD97MRX4;
				INFOPLIST_FILE = phazelTests/Info.plist;
				LD_RUNPATH_SEARCH_PATHS = "$(inherited) @executable_path/Frameworks @loader_path/Frameworks";
				PRODUCT_BUNDLE_IDENTIFIER = com.swiftandpainless.phazelTests;
				PRODUCT_NAME = "$(TARGET_NAME)";
				SWIFT_VERSION = 3.0;
				TEST_HOST = "$(BUILT_PRODUCTS_DIR)/phazel.app/phazel";
			};
			name = Debug;
		};
		F2E492841E37FF46000C7187 /* Release */ = {
			isa = XCBuildConfiguration;
			buildSettings = {
				ALWAYS_EMBED_SWIFT_STANDARD_LIBRARIES = YES;
				BUNDLE_LOADER = "$(TEST_HOST)";
				DEVELOPMENT_TEAM = Q6PD97MRX4;
				INFOPLIST_FILE = phazelTests/Info.plist;
				LD_RUNPATH_SEARCH_PATHS = "$(inherited) @executable_path/Frameworks @loader_path/Frameworks";
				PRODUCT_BUNDLE_IDENTIFIER = com.swiftandpainless.phazelTests;
				PRODUCT_NAME = "$(TARGET_NAME)";
				SWIFT_VERSION = 3.0;
				TEST_HOST = "$(BUILT_PRODUCTS_DIR)/phazel.app/phazel";
			};
			name = Release;
		};
/* End XCBuildConfiguration section */

/* Begin XCConfigurationList section */
		55160CE51E4B04840043A3CC /* Build configuration list for PBXNativeTarget "Pnut" */ = {
			isa = XCConfigurationList;
			buildConfigurations = (
				55160CE31E4B04840043A3CC /* Debug */,
				55160CE41E4B04840043A3CC /* Release */,
			);
			defaultConfigurationIsVisible = 0;
			defaultConfigurationName = Release;
		};
		F23BE4241E508E300068E82F /* Build configuration list for PBXNativeTarget "Roaster" */ = {
			isa = XCConfigurationList;
			buildConfigurations = (
				F23BE4201E508E300068E82F /* Debug */,
				F23BE4211E508E300068E82F /* Release */,
			);
			defaultConfigurationIsVisible = 0;
			defaultConfigurationName = Release;
		};
		F23BE4261E508E300068E82F /* Build configuration list for PBXNativeTarget "RoasterTests" */ = {
			isa = XCConfigurationList;
			buildConfigurations = (
				F23BE4221E508E300068E82F /* Debug */,
				F23BE4231E508E300068E82F /* Release */,
			);
			defaultConfigurationIsVisible = 0;
			defaultConfigurationName = Release;
		};
		F2E4925D1E37FF45000C7187 /* Build configuration list for PBXProject "phazel" */ = {
			isa = XCConfigurationList;
			buildConfigurations = (
				F2E4927D1E37FF46000C7187 /* Debug */,
				F2E4927E1E37FF46000C7187 /* Release */,
			);
			defaultConfigurationIsVisible = 0;
			defaultConfigurationName = Release;
		};
		F2E4927F1E37FF46000C7187 /* Build configuration list for PBXNativeTarget "phazel" */ = {
			isa = XCConfigurationList;
			buildConfigurations = (
				F2E492801E37FF46000C7187 /* Debug */,
				F2E492811E37FF46000C7187 /* Release */,
			);
			defaultConfigurationIsVisible = 0;
			defaultConfigurationName = Release;
		};
		F2E492821E37FF46000C7187 /* Build configuration list for PBXNativeTarget "phazelTests" */ = {
			isa = XCConfigurationList;
			buildConfigurations = (
				F2E492831E37FF46000C7187 /* Debug */,
				F2E492841E37FF46000C7187 /* Release */,
			);
			defaultConfigurationIsVisible = 0;
			defaultConfigurationName = Release;
		};
/* End XCConfigurationList section */
	};
	rootObject = F2E4925A1E37FF45000C7187 /* Project object */;
}
